// !$*UTF8*$!
{
	archiveVersion = 1;
	classes = {
	};
	objectVersion = 77;
	objects = {

/* Begin PBXBuildFile section */
		00BCDC48AEB1ECA0468DA469 /* NotoSerifSC-Regular.ttf in Resources */ = {isa = PBXBuildFile; fileRef = BA24831D1799FBA20704C6C9 /* NotoSerifSC-Regular.ttf */; };
		0C85193D472663A67369BAB1 /* ChatView.swift in Sources */ = {isa = PBXBuildFile; fileRef = D833B2E56FA8C84DA0950F72 /* ChatView.swift */; };
		17B110E5A293426BC46750B6 /* ScreenActivityAttributes.swift in Sources */ = {isa = PBXBuildFile; fileRef = 059AB22EE40CB3F08CADCAE2 /* ScreenActivityAttributes.swift */; };
		21891A9A19013F0DF231A6C9 /* FrameEnvelope.swift in Sources */ = {isa = PBXBuildFile; fileRef = 2449E25E7E495E2125E1DE74 /* FrameEnvelope.swift */; };
		26CDFC3D92EE8170B33AD712 /* AuditCardView.swift in Sources */ = {isa = PBXBuildFile; fileRef = BC81F4E14F5E038B4836EAA4 /* AuditCardView.swift */; };
		2915EE5C77BFDB93284C1525 /* NotoSerifSC-Medium.ttf in Resources */ = {isa = PBXBuildFile; fileRef = 3EA29C62EFBADE46D3DE876B /* NotoSerifSC-Medium.ttf */; };
		2C87331264D81ED2CB8E1A5F /* Newsreader-VariableFont_opsz,wght.ttf in Resources */ = {isa = PBXBuildFile; fileRef = 5DEC705E885C390B18F83362 /* Newsreader-VariableFont_opsz,wght.ttf */; };
		2D6C4681A184D00774C9AAD3 /* SampleHandler.swift in Sources */ = {isa = PBXBuildFile; fileRef = 8585B7EF732F6D6EF2D5BEE6 /* SampleHandler.swift */; };
		2FA72781A397ED7BC74F77DB /* ChatEmptyStateView.swift in Sources */ = {isa = PBXBuildFile; fileRef = 209922FDD51D5B53AAD02E91 /* ChatEmptyStateView.swift */; };
		34C90373E432EB5F0EA34BCC /* ChatMessage.swift in Sources */ = {isa = PBXBuildFile; fileRef = DEE35E8B1037B48E755426C1 /* ChatMessage.swift */; };
		413572B886A6EB4E8F6A3587 /* LiveActivityManager.swift in Sources */ = {isa = PBXBuildFile; fileRef = E760771C17EAF8147D096B4E /* LiveActivityManager.swift */; };
		4439EBE8F3C72B5BD382E09B /* IdentityViewModel.swift in Sources */ = {isa = PBXBuildFile; fileRef = 73B9EF7A6239E3D9EEB165D8 /* IdentityViewModel.swift */; };
		4DC9F05CA3D2CF5D85FBCE14 /* Newsreader-VariableFont_opsz,wght.ttf in Resources */ = {isa = PBXBuildFile; fileRef = 5DEC705E885C390B18F83362 /* Newsreader-VariableFont_opsz,wght.ttf */; };
		56BEDBB90CCEE5017A47D79C /* WebSocketManager.swift in Sources */ = {isa = PBXBuildFile; fileRef = 9DB161EB74DB2AA3F40F30E0 /* WebSocketManager.swift */; };
		5D1632F3B41DC01DD2D987E7 /* Log.swift in Sources */ = {isa = PBXBuildFile; fileRef = C904E38EAFF508769925F04D /* Log.swift */; };
		5DF918A2E9B422DA9B793E13 /* CinnabarTabBar.swift in Sources */ = {isa = PBXBuildFile; fileRef = CD86CBC7017A59A22F0C8A04 /* CinnabarTabBar.swift */; };
		60458B681F128B4A35FCEE22 /* NotoSerifSC-Medium.ttf in Resources */ = {isa = PBXBuildFile; fileRef = 3EA29C62EFBADE46D3DE876B /* NotoSerifSC-Medium.ttf */; };
		61F24F4911D4423B125600EF /* SharedConfig.swift in Sources */ = {isa = PBXBuildFile; fileRef = 2CDD8AF63E3E29635CACE24C /* SharedConfig.swift */; };
		6413661052ADD6827E3A2B24 /* EventLogReplay.swift in Sources */ = {isa = PBXBuildFile; fileRef = 256AD1FDDDD86B01E7B16036 /* EventLogReplay.swift */; };
		6902489648E34AED4D9BE0C6 /* DMMono-Medium.ttf in Resources */ = {isa = PBXBuildFile; fileRef = AB31BA5FA109560022326382 /* DMMono-Medium.ttf */; };
		6B69634A47BFB6AA70AF1609 /* FeedlingAPI.swift in Sources */ = {isa = PBXBuildFile; fileRef = B3DB0E6C7C11B4B979F67492 /* FeedlingAPI.swift */; };
		75E49560000F12897D980616 /* MemoryGardenView.swift in Sources */ = {isa = PBXBuildFile; fileRef = 3EF00CAFA25D111BFF46454D /* MemoryGardenView.swift */; };
		7AACEE491CBD32D1CFF67B63 /* Newsreader-Italic-VariableFont_opsz,wght.ttf in Resources */ = {isa = PBXBuildFile; fileRef = 992A1C01C4FF54F7AD92D625 /* Newsreader-Italic-VariableFont_opsz,wght.ttf */; };
		7B3B568A3C6D94C4402DA76E /* Log.swift in Sources */ = {isa = PBXBuildFile; fileRef = C904E38EAFF508769925F04D /* Log.swift */; };
		7BC164CC61C5306140493D63 /* DMMono-Regular.ttf in Resources */ = {isa = PBXBuildFile; fileRef = 548A174CA8E1811CE5F6D2A6 /* DMMono-Regular.ttf */; };
		7D3365E5415854238D250C0C /* InterTight-Regular.ttf in Resources */ = {isa = PBXBuildFile; fileRef = C58E71D6EA902590C1FEC44B /* InterTight-Regular.ttf */; };
		8008026851A69E377E0C9937 /* SampleHandler+WebSocketQueue.swift in Sources */ = {isa = PBXBuildFile; fileRef = 408A6FFA15EE70ECF1B9E9DA /* SampleHandler+WebSocketQueue.swift */; };
		8444956D16998579C3D74FAB /* FeedlingTestWidget.appex in Embed Foundation Extensions */ = {isa = PBXBuildFile; fileRef = B47B840768263FD66F28FB11 /* FeedlingTestWidget.appex */; settings = {ATTRIBUTES = (RemoveHeadersOnCopy, ); }; };
		940068BB82408AD885D2D224 /* IntelPCSClient.swift in Sources */ = {isa = PBXBuildFile; fileRef = 0AB72BEC4DBB1798ABB40444 /* IntelPCSClient.swift */; };
		95B75F3E42596B0BE048ED62 /* CVMEndpoints.swift in Sources */ = {isa = PBXBuildFile; fileRef = C2F5A34295AFAB91B4C93B95 /* CVMEndpoints.swift */; };
		97421A140CE8899782DE1375 /* ContentView.swift in Sources */ = {isa = PBXBuildFile; fileRef = F5D4282756E211274D73C148 /* ContentView.swift */; };
		9CCE8CB8D1077F0CC0C236D4 /* ContentEncryption.swift in Sources */ = {isa = PBXBuildFile; fileRef = 50CA03E6CA8335EC78038FDA /* ContentEncryption.swift */; };
		9E84090ADA58BE74702C17F7 /* InterTight-Regular.ttf in Resources */ = {isa = PBXBuildFile; fileRef = C58E71D6EA902590C1FEC44B /* InterTight-Regular.ttf */; };
		A0883EB3FA50ED73B16218B5 /* HealthCheckView.swift in Sources */ = {isa = PBXBuildFile; fileRef = CF69F5C08D901DB7194DE286 /* HealthCheckView.swift */; };
		A1342E092AF06A379D8C9825 /* DCAPQVL.swift in Sources */ = {isa = PBXBuildFile; fileRef = 4A19FD1364EF06641F6EE2D8 /* DCAPQVL.swift */; };
		A3AA0B796AD846E609C8715A /* ScreenActivityWidget.swift in Sources */ = {isa = PBXBuildFile; fileRef = 8485AF4D5CF32FCD3BD19600 /* ScreenActivityWidget.swift */; };
		A3CDDB2378A71F1A511E1A9D /* FeedlingTestApp.swift in Sources */ = {isa = PBXBuildFile; fileRef = 14B773D2531DF1548E7C3C63 /* FeedlingTestApp.swift */; };
		A3E3689E0E12A758710A9A91 /* DMMono-Regular.ttf in Resources */ = {isa = PBXBuildFile; fileRef = 548A174CA8E1811CE5F6D2A6 /* DMMono-Regular.ttf */; };
		AC853763C936C4B49EBE6144 /* InterTight-Medium.ttf in Resources */ = {isa = PBXBuildFile; fileRef = 6AF693E964E61584CC592DE2 /* InterTight-Medium.ttf */; };
		BC9B0CBC17AAC1255B45A190 /* Assets.xcassets in Resources */ = {isa = PBXBuildFile; fileRef = 1B8A7BF4CCA8BF6B818B587E /* Assets.xcassets */; };
		BE77D35EC6B586EA5FC67CB4 /* PhotoPicker.swift in Sources */ = {isa = PBXBuildFile; fileRef = 4BA3A0BAFD19C49F094D8AA4 /* PhotoPicker.swift */; };
		C270F14DB78D966B0334D0FF /* InterTight-Medium.ttf in Resources */ = {isa = PBXBuildFile; fileRef = 6AF693E964E61584CC592DE2 /* InterTight-Medium.ttf */; };
		C2D60991CBA072B7D413C5B0 /* BootstrapStatus.swift in Sources */ = {isa = PBXBuildFile; fileRef = BB44BB0331F13D05A5956D7B /* BootstrapStatus.swift */; };
		CB2DF8DCA51CEF662CF65FAB /* ScreenActivityAttributes.swift in Sources */ = {isa = PBXBuildFile; fileRef = 059AB22EE40CB3F08CADCAE2 /* ScreenActivityAttributes.swift */; };
		CC8FC142EF44D8FB8D510EDA /* Newsreader-Italic-VariableFont_opsz,wght.ttf in Resources */ = {isa = PBXBuildFile; fileRef = 992A1C01C4FF54F7AD92D625 /* Newsreader-Italic-VariableFont_opsz,wght.ttf */; };
		E436A16C2F9656846AA077E7 /* IntelSGXRootCA.der in Resources */ = {isa = PBXBuildFile; fileRef = E96943835F627DA60766D69C /* IntelSGXRootCA.der */; };
		E5572F9376D197D99DF91E67 /* FeedlingBroadcast.appex in Embed Foundation Extensions */ = {isa = PBXBuildFile; fileRef = C33E21075035F8499B243C1B /* FeedlingBroadcast.appex */; settings = {ATTRIBUTES = (RemoveHeadersOnCopy, ); }; };
		E5C880EB40DFDE9E3719B474 /* FeedlingTestWidgetBundle.swift in Sources */ = {isa = PBXBuildFile; fileRef = E807384089044501BDD54BFA /* FeedlingTestWidgetBundle.swift */; };
		E81AC2D16CA59935AA71DC4F /* Verifier.swift in Sources */ = {isa = PBXBuildFile; fileRef = 17C8E8DFD069B7910BF6136C /* Verifier.swift */; };
		E87DFBE44DA3BB134227A46C /* Parser.swift in Sources */ = {isa = PBXBuildFile; fileRef = 9B389587507B7D8A5C1A4CC1 /* Parser.swift */; };
		E8A98DD18307CC97CCC6A6D4 /* Log.swift in Sources */ = {isa = PBXBuildFile; fileRef = C904E38EAFF508769925F04D /* Log.swift */; };
		EABBF10A6E3A795695D4185E /* NotoSerifSC-Regular.ttf in Resources */ = {isa = PBXBuildFile; fileRef = BA24831D1799FBA20704C6C9 /* NotoSerifSC-Regular.ttf */; };
		EFCC88EE53E5CE40F2B65208 /* SignatureData.swift in Sources */ = {isa = PBXBuildFile; fileRef = E36CE12BFADA5B40C3610528 /* SignatureData.swift */; };
		F4DA5CC70FEBED4D031AE19D /* ChatViewModel.swift in Sources */ = {isa = PBXBuildFile; fileRef = 5F3C6BFE5F5FF06EF002CFD3 /* ChatViewModel.swift */; };
		F9120D4FF5D273FE20E6D45C /* MemoryViewModel.swift in Sources */ = {isa = PBXBuildFile; fileRef = EAD923C73CFB230F5965E087 /* MemoryViewModel.swift */; };
		FAC64C0EC62585FF2F6ED0FB /* BaseImageReference.swift in Sources */ = {isa = PBXBuildFile; fileRef = E57B51CA74D4087154F203F1 /* BaseImageReference.swift */; };
		FC5DCD532A0BCC414EA1AE52 /* IdentityView.swift in Sources */ = {isa = PBXBuildFile; fileRef = C6A2500CE5E31F2AB9F0AF9A /* IdentityView.swift */; };
		FE23CC9883E7481AFB875E5B /* DMMono-Medium.ttf in Resources */ = {isa = PBXBuildFile; fileRef = AB31BA5FA109560022326382 /* DMMono-Medium.ttf */; };
/* End PBXBuildFile section */

/* Begin PBXContainerItemProxy section */
		3A7C6A9930FD12611CA185A9 /* PBXContainerItemProxy */ = {
			isa = PBXContainerItemProxy;
			containerPortal = 7666E9E4F7C671C82EBD8484 /* Project object */;
			proxyType = 1;
			remoteGlobalIDString = 143528F74119840BD515D293;
			remoteInfo = FeedlingBroadcast;
		};
		9FC01A447C5F280A995C6CBA /* PBXContainerItemProxy */ = {
			isa = PBXContainerItemProxy;
			containerPortal = 7666E9E4F7C671C82EBD8484 /* Project object */;
			proxyType = 1;
			remoteGlobalIDString = 40F0E8EF6FA85277D76C29E3;
			remoteInfo = FeedlingTestWidget;
		};
/* End PBXContainerItemProxy section */

/* Begin PBXCopyFilesBuildPhase section */
		219D1342B426C7862A8C1E2B /* Embed Foundation Extensions */ = {
			isa = PBXCopyFilesBuildPhase;
			buildActionMask = 2147483647;
			dstPath = "";
			dstSubfolderSpec = 13;
			files = (
				8444956D16998579C3D74FAB /* FeedlingTestWidget.appex in Embed Foundation Extensions */,
				E5572F9376D197D99DF91E67 /* FeedlingBroadcast.appex in Embed Foundation Extensions */,
			);
			name = "Embed Foundation Extensions";
			runOnlyForDeploymentPostprocessing = 0;
		};
/* End PBXCopyFilesBuildPhase section */

/* Begin PBXFileReference section */
		059AB22EE40CB3F08CADCAE2 /* ScreenActivityAttributes.swift */ = {isa = PBXFileReference; lastKnownFileType = sourcecode.swift; path = ScreenActivityAttributes.swift; sourceTree = "<group>"; };
		0AB72BEC4DBB1798ABB40444 /* IntelPCSClient.swift */ = {isa = PBXFileReference; lastKnownFileType = sourcecode.swift; path = IntelPCSClient.swift; sourceTree = "<group>"; };
		14B773D2531DF1548E7C3C63 /* FeedlingTestApp.swift */ = {isa = PBXFileReference; lastKnownFileType = sourcecode.swift; path = FeedlingTestApp.swift; sourceTree = "<group>"; };
		17C8E8DFD069B7910BF6136C /* Verifier.swift */ = {isa = PBXFileReference; lastKnownFileType = sourcecode.swift; path = Verifier.swift; sourceTree = "<group>"; };
		1B8A7BF4CCA8BF6B818B587E /* Assets.xcassets */ = {isa = PBXFileReference; lastKnownFileType = folder.assetcatalog; path = Assets.xcassets; sourceTree = "<group>"; };
		209922FDD51D5B53AAD02E91 /* ChatEmptyStateView.swift */ = {isa = PBXFileReference; lastKnownFileType = sourcecode.swift; path = ChatEmptyStateView.swift; sourceTree = "<group>"; };
		2449E25E7E495E2125E1DE74 /* FrameEnvelope.swift */ = {isa = PBXFileReference; lastKnownFileType = sourcecode.swift; path = FrameEnvelope.swift; sourceTree = "<group>"; };
		256AD1FDDDD86B01E7B16036 /* EventLogReplay.swift */ = {isa = PBXFileReference; lastKnownFileType = sourcecode.swift; path = EventLogReplay.swift; sourceTree = "<group>"; };
		2889F890552F556700BB6ACD /* Info.plist */ = {isa = PBXFileReference; lastKnownFileType = text.plist; path = Info.plist; sourceTree = "<group>"; };
		2CDD8AF63E3E29635CACE24C /* SharedConfig.swift */ = {isa = PBXFileReference; lastKnownFileType = sourcecode.swift; path = SharedConfig.swift; sourceTree = "<group>"; };
		3909F8C0719509F4F8260943 /* FeedlingBroadcast.entitlements */ = {isa = PBXFileReference; lastKnownFileType = text.plist.entitlements; path = FeedlingBroadcast.entitlements; sourceTree = "<group>"; };
		3EA29C62EFBADE46D3DE876B /* NotoSerifSC-Medium.ttf */ = {isa = PBXFileReference; lastKnownFileType = file; path = "NotoSerifSC-Medium.ttf"; sourceTree = "<group>"; };
		3EF00CAFA25D111BFF46454D /* MemoryGardenView.swift */ = {isa = PBXFileReference; lastKnownFileType = sourcecode.swift; path = MemoryGardenView.swift; sourceTree = "<group>"; };
		408A6FFA15EE70ECF1B9E9DA /* SampleHandler+WebSocketQueue.swift */ = {isa = PBXFileReference; lastKnownFileType = sourcecode.swift; path = "SampleHandler+WebSocketQueue.swift"; sourceTree = "<group>"; };
		4A19FD1364EF06641F6EE2D8 /* DCAPQVL.swift */ = {isa = PBXFileReference; lastKnownFileType = sourcecode.swift; path = DCAPQVL.swift; sourceTree = "<group>"; };
		4BA3A0BAFD19C49F094D8AA4 /* PhotoPicker.swift */ = {isa = PBXFileReference; lastKnownFileType = sourcecode.swift; path = PhotoPicker.swift; sourceTree = "<group>"; };
		50CA03E6CA8335EC78038FDA /* ContentEncryption.swift */ = {isa = PBXFileReference; lastKnownFileType = sourcecode.swift; path = ContentEncryption.swift; sourceTree = "<group>"; };
		548A174CA8E1811CE5F6D2A6 /* DMMono-Regular.ttf */ = {isa = PBXFileReference; lastKnownFileType = file; path = "DMMono-Regular.ttf"; sourceTree = "<group>"; };
		55823AFBDF473E1DBABB4A3E /* FeedlingTestWidget.entitlements */ = {isa = PBXFileReference; lastKnownFileType = text.plist.entitlements; path = FeedlingTestWidget.entitlements; sourceTree = "<group>"; };
		5DEC705E885C390B18F83362 /* Newsreader-VariableFont_opsz,wght.ttf */ = {isa = PBXFileReference; lastKnownFileType = file; path = "Newsreader-VariableFont_opsz,wght.ttf"; sourceTree = "<group>"; };
		5F3C6BFE5F5FF06EF002CFD3 /* ChatViewModel.swift */ = {isa = PBXFileReference; lastKnownFileType = sourcecode.swift; path = ChatViewModel.swift; sourceTree = "<group>"; };
		6AF693E964E61584CC592DE2 /* InterTight-Medium.ttf */ = {isa = PBXFileReference; lastKnownFileType = file; path = "InterTight-Medium.ttf"; sourceTree = "<group>"; };
		73B9EF7A6239E3D9EEB165D8 /* IdentityViewModel.swift */ = {isa = PBXFileReference; lastKnownFileType = sourcecode.swift; path = IdentityViewModel.swift; sourceTree = "<group>"; };
		8485AF4D5CF32FCD3BD19600 /* ScreenActivityWidget.swift */ = {isa = PBXFileReference; lastKnownFileType = sourcecode.swift; path = ScreenActivityWidget.swift; sourceTree = "<group>"; };
		8585B7EF732F6D6EF2D5BEE6 /* SampleHandler.swift */ = {isa = PBXFileReference; lastKnownFileType = sourcecode.swift; path = SampleHandler.swift; sourceTree = "<group>"; };
		8C308EE0153161454F66B92E /* Info.plist */ = {isa = PBXFileReference; lastKnownFileType = text.plist; path = Info.plist; sourceTree = "<group>"; };
		992A1C01C4FF54F7AD92D625 /* Newsreader-Italic-VariableFont_opsz,wght.ttf */ = {isa = PBXFileReference; lastKnownFileType = file; path = "Newsreader-Italic-VariableFont_opsz,wght.ttf"; sourceTree = "<group>"; };
		9B389587507B7D8A5C1A4CC1 /* Parser.swift */ = {isa = PBXFileReference; lastKnownFileType = sourcecode.swift; path = Parser.swift; sourceTree = "<group>"; };
		9BEDE1B24252F0AF7E4B9A09 /* FeedlingTest.app */ = {isa = PBXFileReference; includeInIndex = 0; lastKnownFileType = wrapper.application; path = FeedlingTest.app; sourceTree = BUILT_PRODUCTS_DIR; };
		9DB161EB74DB2AA3F40F30E0 /* WebSocketManager.swift */ = {isa = PBXFileReference; lastKnownFileType = sourcecode.swift; path = WebSocketManager.swift; sourceTree = "<group>"; };
		AB31BA5FA109560022326382 /* DMMono-Medium.ttf */ = {isa = PBXFileReference; lastKnownFileType = file; path = "DMMono-Medium.ttf"; sourceTree = "<group>"; };
		B3DB0E6C7C11B4B979F67492 /* FeedlingAPI.swift */ = {isa = PBXFileReference; lastKnownFileType = sourcecode.swift; path = FeedlingAPI.swift; sourceTree = "<group>"; };
		B47B840768263FD66F28FB11 /* FeedlingTestWidget.appex */ = {isa = PBXFileReference; includeInIndex = 0; lastKnownFileType = "wrapper.app-extension"; path = FeedlingTestWidget.appex; sourceTree = BUILT_PRODUCTS_DIR; };
		BA24831D1799FBA20704C6C9 /* NotoSerifSC-Regular.ttf */ = {isa = PBXFileReference; lastKnownFileType = file; path = "NotoSerifSC-Regular.ttf"; sourceTree = "<group>"; };
		BB44BB0331F13D05A5956D7B /* BootstrapStatus.swift */ = {isa = PBXFileReference; lastKnownFileType = sourcecode.swift; path = BootstrapStatus.swift; sourceTree = "<group>"; };
		BC81F4E14F5E038B4836EAA4 /* AuditCardView.swift */ = {isa = PBXFileReference; lastKnownFileType = sourcecode.swift; path = AuditCardView.swift; sourceTree = "<group>"; };
		C2F5A34295AFAB91B4C93B95 /* CVMEndpoints.swift */ = {isa = PBXFileReference; lastKnownFileType = sourcecode.swift; path = CVMEndpoints.swift; sourceTree = "<group>"; };
		C33E21075035F8499B243C1B /* FeedlingBroadcast.appex */ = {isa = PBXFileReference; includeInIndex = 0; lastKnownFileType = "wrapper.app-extension"; path = FeedlingBroadcast.appex; sourceTree = BUILT_PRODUCTS_DIR; };
		C58E71D6EA902590C1FEC44B /* InterTight-Regular.ttf */ = {isa = PBXFileReference; lastKnownFileType = file; path = "InterTight-Regular.ttf"; sourceTree = "<group>"; };
		C6A2500CE5E31F2AB9F0AF9A /* IdentityView.swift */ = {isa = PBXFileReference; lastKnownFileType = sourcecode.swift; path = IdentityView.swift; sourceTree = "<group>"; };
		C904E38EAFF508769925F04D /* Log.swift */ = {isa = PBXFileReference; lastKnownFileType = sourcecode.swift; path = Log.swift; sourceTree = "<group>"; };
		CD86CBC7017A59A22F0C8A04 /* CinnabarTabBar.swift */ = {isa = PBXFileReference; lastKnownFileType = sourcecode.swift; path = CinnabarTabBar.swift; sourceTree = "<group>"; };
		CF69F5C08D901DB7194DE286 /* HealthCheckView.swift */ = {isa = PBXFileReference; lastKnownFileType = sourcecode.swift; path = HealthCheckView.swift; sourceTree = "<group>"; };
		D833B2E56FA8C84DA0950F72 /* ChatView.swift */ = {isa = PBXFileReference; lastKnownFileType = sourcecode.swift; path = ChatView.swift; sourceTree = "<group>"; };
		DEE35E8B1037B48E755426C1 /* ChatMessage.swift */ = {isa = PBXFileReference; lastKnownFileType = sourcecode.swift; path = ChatMessage.swift; sourceTree = "<group>"; };
		E36CE12BFADA5B40C3610528 /* SignatureData.swift */ = {isa = PBXFileReference; lastKnownFileType = sourcecode.swift; path = SignatureData.swift; sourceTree = "<group>"; };
		E399D1BD2C8215413FDD2675 /* FeedlingTest.entitlements */ = {isa = PBXFileReference; lastKnownFileType = text.plist.entitlements; path = FeedlingTest.entitlements; sourceTree = "<group>"; };
		E57B51CA74D4087154F203F1 /* BaseImageReference.swift */ = {isa = PBXFileReference; lastKnownFileType = sourcecode.swift; path = BaseImageReference.swift; sourceTree = "<group>"; };
		E760771C17EAF8147D096B4E /* LiveActivityManager.swift */ = {isa = PBXFileReference; lastKnownFileType = sourcecode.swift; path = LiveActivityManager.swift; sourceTree = "<group>"; };
		E807384089044501BDD54BFA /* FeedlingTestWidgetBundle.swift */ = {isa = PBXFileReference; lastKnownFileType = sourcecode.swift; path = FeedlingTestWidgetBundle.swift; sourceTree = "<group>"; };
		E96943835F627DA60766D69C /* IntelSGXRootCA.der */ = {isa = PBXFileReference; path = IntelSGXRootCA.der; sourceTree = "<group>"; };
		EAD923C73CFB230F5965E087 /* MemoryViewModel.swift */ = {isa = PBXFileReference; lastKnownFileType = sourcecode.swift; path = MemoryViewModel.swift; sourceTree = "<group>"; };
		ED7965843E2AE2F74B88A5FC /* Info.plist */ = {isa = PBXFileReference; lastKnownFileType = text.plist; path = Info.plist; sourceTree = "<group>"; };
		F5D4282756E211274D73C148 /* ContentView.swift */ = {isa = PBXFileReference; lastKnownFileType = sourcecode.swift; path = ContentView.swift; sourceTree = "<group>"; };
/* End PBXFileReference section */

/* Begin PBXGroup section */
		0E6B0860E646F7727F69845C /* FeedlingTestWidget */ = {
			isa = PBXGroup;
			children = (
				55823AFBDF473E1DBABB4A3E /* FeedlingTestWidget.entitlements */,
				E807384089044501BDD54BFA /* FeedlingTestWidgetBundle.swift */,
				8C308EE0153161454F66B92E /* Info.plist */,
				8485AF4D5CF32FCD3BD19600 /* ScreenActivityWidget.swift */,
			);
			path = FeedlingTestWidget;
			sourceTree = "<group>";
		};
		0E9CF1DFFEF7EBFABD8DA3E0 /* FeedlingTest */ = {
			isa = PBXGroup;
			children = (
				1B8A7BF4CCA8BF6B818B587E /* Assets.xcassets */,
				BC81F4E14F5E038B4836EAA4 /* AuditCardView.swift */,
				BB44BB0331F13D05A5956D7B /* BootstrapStatus.swift */,
				209922FDD51D5B53AAD02E91 /* ChatEmptyStateView.swift */,
				DEE35E8B1037B48E755426C1 /* ChatMessage.swift */,
				D833B2E56FA8C84DA0950F72 /* ChatView.swift */,
				5F3C6BFE5F5FF06EF002CFD3 /* ChatViewModel.swift */,
				CD86CBC7017A59A22F0C8A04 /* CinnabarTabBar.swift */,
				50CA03E6CA8335EC78038FDA /* ContentEncryption.swift */,
				F5D4282756E211274D73C148 /* ContentView.swift */,
				C2F5A34295AFAB91B4C93B95 /* CVMEndpoints.swift */,
				256AD1FDDDD86B01E7B16036 /* EventLogReplay.swift */,
				B3DB0E6C7C11B4B979F67492 /* FeedlingAPI.swift */,
				E399D1BD2C8215413FDD2675 /* FeedlingTest.entitlements */,
				14B773D2531DF1548E7C3C63 /* FeedlingTestApp.swift */,
				CF69F5C08D901DB7194DE286 /* HealthCheckView.swift */,
				C6A2500CE5E31F2AB9F0AF9A /* IdentityView.swift */,
				73B9EF7A6239E3D9EEB165D8 /* IdentityViewModel.swift */,
				ED7965843E2AE2F74B88A5FC /* Info.plist */,
				E760771C17EAF8147D096B4E /* LiveActivityManager.swift */,
				3EF00CAFA25D111BFF46454D /* MemoryGardenView.swift */,
				EAD923C73CFB230F5965E087 /* MemoryViewModel.swift */,
				4BA3A0BAFD19C49F094D8AA4 /* PhotoPicker.swift */,
				FDF6B500F0B96AC8406636E8 /* DCAP */,
			);
			path = FeedlingTest;
			sourceTree = "<group>";
		};
		21135111837BEE77BC26B938 /* Products */ = {
			isa = PBXGroup;
			children = (
				C33E21075035F8499B243C1B /* FeedlingBroadcast.appex */,
				9BEDE1B24252F0AF7E4B9A09 /* FeedlingTest.app */,
				B47B840768263FD66F28FB11 /* FeedlingTestWidget.appex */,
			);
			name = Products;
			sourceTree = "<group>";
		};
		4A631C3321DAE9C14E2D63C2 /* Shared */ = {
			isa = PBXGroup;
			children = (
				C904E38EAFF508769925F04D /* Log.swift */,
				059AB22EE40CB3F08CADCAE2 /* ScreenActivityAttributes.swift */,
				ED50C86AC01C00A6AC70B627 /* Fonts */,
			);
			path = Shared;
			sourceTree = "<group>";
		};
		C831B4CFDB28B188E676559F = {
			isa = PBXGroup;
			children = (
				0E9CF1DFFEF7EBFABD8DA3E0 /* FeedlingTest */,
				F1DBCEF6E245A9D5B9B4D198 /* FeedlingBroadcast */,
				0E6B0860E646F7727F69845C /* FeedlingTestWidget */,
				4A631C3321DAE9C14E2D63C2 /* Shared */,
				21135111837BEE77BC26B938 /* Products */,
			);
			sourceTree = "<group>";
		};
		ED50C86AC01C00A6AC70B627 /* Fonts */ = {
			isa = PBXGroup;
			children = (
				AB31BA5FA109560022326382 /* DMMono-Medium.ttf */,
				548A174CA8E1811CE5F6D2A6 /* DMMono-Regular.ttf */,
				6AF693E964E61584CC592DE2 /* InterTight-Medium.ttf */,
				C58E71D6EA902590C1FEC44B /* InterTight-Regular.ttf */,
				992A1C01C4FF54F7AD92D625 /* Newsreader-Italic-VariableFont_opsz,wght.ttf */,
				5DEC705E885C390B18F83362 /* Newsreader-VariableFont_opsz,wght.ttf */,
				3EA29C62EFBADE46D3DE876B /* NotoSerifSC-Medium.ttf */,
				BA24831D1799FBA20704C6C9 /* NotoSerifSC-Regular.ttf */,
			);
			path = Fonts;
			sourceTree = "<group>";
		};
		F1DBCEF6E245A9D5B9B4D198 /* FeedlingBroadcast */ = {
			isa = PBXGroup;
			children = (
				3909F8C0719509F4F8260943 /* FeedlingBroadcast.entitlements */,
				2449E25E7E495E2125E1DE74 /* FrameEnvelope.swift */,
				2889F890552F556700BB6ACD /* Info.plist */,
				8585B7EF732F6D6EF2D5BEE6 /* SampleHandler.swift */,
				408A6FFA15EE70ECF1B9E9DA /* SampleHandler+WebSocketQueue.swift */,
				2CDD8AF63E3E29635CACE24C /* SharedConfig.swift */,
				9DB161EB74DB2AA3F40F30E0 /* WebSocketManager.swift */,
			);
			path = FeedlingBroadcast;
			sourceTree = "<group>";
		};
		FDF6B500F0B96AC8406636E8 /* DCAP */ = {
			isa = PBXGroup;
			children = (
				E57B51CA74D4087154F203F1 /* BaseImageReference.swift */,
				4A19FD1364EF06641F6EE2D8 /* DCAPQVL.swift */,
				0AB72BEC4DBB1798ABB40444 /* IntelPCSClient.swift */,
				E96943835F627DA60766D69C /* IntelSGXRootCA.der */,
				9B389587507B7D8A5C1A4CC1 /* Parser.swift */,
				E36CE12BFADA5B40C3610528 /* SignatureData.swift */,
				17C8E8DFD069B7910BF6136C /* Verifier.swift */,
			);
			path = DCAP;
			sourceTree = "<group>";
		};
/* End PBXGroup section */

/* Begin PBXNativeTarget section */
		143528F74119840BD515D293 /* FeedlingBroadcast */ = {
			isa = PBXNativeTarget;
			buildConfigurationList = AFB024797D588A76444F24A7 /* Build configuration list for PBXNativeTarget "FeedlingBroadcast" */;
			buildPhases = (
				906B594661979FEDF0B4057C /* Sources */,
			);
			buildRules = (
			);
			dependencies = (
			);
			name = FeedlingBroadcast;
			packageProductDependencies = (
			);
			productName = FeedlingBroadcast;
			productReference = C33E21075035F8499B243C1B /* FeedlingBroadcast.appex */;
			productType = "com.apple.product-type.app-extension";
		};
		282D06B399CCE088372449A9 /* FeedlingTest */ = {
			isa = PBXNativeTarget;
			buildConfigurationList = D2EFF8A7C1291089CCC4638E /* Build configuration list for PBXNativeTarget "FeedlingTest" */;
			buildPhases = (
				F4C004C4CB389E0034E1122E /* Sources */,
				4D3612145772D61A347DB4FC /* Resources */,
				219D1342B426C7862A8C1E2B /* Embed Foundation Extensions */,
			);
			buildRules = (
			);
			dependencies = (
				84358B4470F16D89F9CC5DB4 /* PBXTargetDependency */,
				49B62DB44CC90114BF941EA4 /* PBXTargetDependency */,
			);
			name = FeedlingTest;
			packageProductDependencies = (
			);
			productName = FeedlingTest;
			productReference = 9BEDE1B24252F0AF7E4B9A09 /* FeedlingTest.app */;
			productType = "com.apple.product-type.application";
		};
		40F0E8EF6FA85277D76C29E3 /* FeedlingTestWidget */ = {
			isa = PBXNativeTarget;
			buildConfigurationList = D4BD810697F1A6C80AD6D748 /* Build configuration list for PBXNativeTarget "FeedlingTestWidget" */;
			buildPhases = (
				CC4F879D8D0429D4613015B2 /* Sources */,
				A4C79E42AC8D7C0193B5005F /* Resources */,
			);
			buildRules = (
			);
			dependencies = (
			);
			name = FeedlingTestWidget;
			packageProductDependencies = (
			);
			productName = FeedlingTestWidget;
			productReference = B47B840768263FD66F28FB11 /* FeedlingTestWidget.appex */;
			productType = "com.apple.product-type.app-extension";
		};
/* End PBXNativeTarget section */

/* Begin PBXProject section */
		7666E9E4F7C671C82EBD8484 /* Project object */ = {
			isa = PBXProject;
			attributes = {
				BuildIndependentTargetsInParallel = YES;
				LastUpgradeCheck = 1500;
				TargetAttributes = {
					143528F74119840BD515D293 = {
						DevelopmentTeam = DC9JH5DRMY;
					};
					282D06B399CCE088372449A9 = {
						DevelopmentTeam = DC9JH5DRMY;
					};
					40F0E8EF6FA85277D76C29E3 = {
						DevelopmentTeam = DC9JH5DRMY;
					};
				};
			};
			buildConfigurationList = 5C7A44734ECB7FD48F277D7B /* Build configuration list for PBXProject "FeedlingTest" */;
			developmentRegion = en;
			hasScannedForEncodings = 0;
			knownRegions = (
				Base,
				en,
			);
			mainGroup = C831B4CFDB28B188E676559F;
			minimizedProjectReferenceProxies = 1;
			preferredProjectObjectVersion = 77;
			productRefGroup = 21135111837BEE77BC26B938 /* Products */;
			projectDirPath = "";
			projectRoot = "";
			targets = (
				143528F74119840BD515D293 /* FeedlingBroadcast */,
				282D06B399CCE088372449A9 /* FeedlingTest */,
				40F0E8EF6FA85277D76C29E3 /* FeedlingTestWidget */,
			);
		};
/* End PBXProject section */

/* Begin PBXResourcesBuildPhase section */
		4D3612145772D61A347DB4FC /* Resources */ = {
			isa = PBXResourcesBuildPhase;
			buildActionMask = 2147483647;
			files = (
				BC9B0CBC17AAC1255B45A190 /* Assets.xcassets in Resources */,
				6902489648E34AED4D9BE0C6 /* DMMono-Medium.ttf in Resources */,
				7BC164CC61C5306140493D63 /* DMMono-Regular.ttf in Resources */,
				E436A16C2F9656846AA077E7 /* IntelSGXRootCA.der in Resources */,
				AC853763C936C4B49EBE6144 /* InterTight-Medium.ttf in Resources */,
				7D3365E5415854238D250C0C /* InterTight-Regular.ttf in Resources */,
				7AACEE491CBD32D1CFF67B63 /* Newsreader-Italic-VariableFont_opsz,wght.ttf in Resources */,
				4DC9F05CA3D2CF5D85FBCE14 /* Newsreader-VariableFont_opsz,wght.ttf in Resources */,
				2915EE5C77BFDB93284C1525 /* NotoSerifSC-Medium.ttf in Resources */,
				00BCDC48AEB1ECA0468DA469 /* NotoSerifSC-Regular.ttf in Resources */,
			);
			runOnlyForDeploymentPostprocessing = 0;
		};
		A4C79E42AC8D7C0193B5005F /* Resources */ = {
			isa = PBXResourcesBuildPhase;
			buildActionMask = 2147483647;
			files = (
				FE23CC9883E7481AFB875E5B /* DMMono-Medium.ttf in Resources */,
				A3E3689E0E12A758710A9A91 /* DMMono-Regular.ttf in Resources */,
				C270F14DB78D966B0334D0FF /* InterTight-Medium.ttf in Resources */,
				9E84090ADA58BE74702C17F7 /* InterTight-Regular.ttf in Resources */,
				CC8FC142EF44D8FB8D510EDA /* Newsreader-Italic-VariableFont_opsz,wght.ttf in Resources */,
				2C87331264D81ED2CB8E1A5F /* Newsreader-VariableFont_opsz,wght.ttf in Resources */,
				60458B681F128B4A35FCEE22 /* NotoSerifSC-Medium.ttf in Resources */,
				EABBF10A6E3A795695D4185E /* NotoSerifSC-Regular.ttf in Resources */,
			);
			runOnlyForDeploymentPostprocessing = 0;
		};
/* End PBXResourcesBuildPhase section */

/* Begin PBXSourcesBuildPhase section */
		906B594661979FEDF0B4057C /* Sources */ = {
			isa = PBXSourcesBuildPhase;
			buildActionMask = 2147483647;
			files = (
				21891A9A19013F0DF231A6C9 /* FrameEnvelope.swift in Sources */,
				7B3B568A3C6D94C4402DA76E /* Log.swift in Sources */,
				8008026851A69E377E0C9937 /* SampleHandler+WebSocketQueue.swift in Sources */,
				2D6C4681A184D00774C9AAD3 /* SampleHandler.swift in Sources */,
				61F24F4911D4423B125600EF /* SharedConfig.swift in Sources */,
				56BEDBB90CCEE5017A47D79C /* WebSocketManager.swift in Sources */,
			);
			runOnlyForDeploymentPostprocessing = 0;
		};
		CC4F879D8D0429D4613015B2 /* Sources */ = {
			isa = PBXSourcesBuildPhase;
			buildActionMask = 2147483647;
			files = (
				E5C880EB40DFDE9E3719B474 /* FeedlingTestWidgetBundle.swift in Sources */,
				E8A98DD18307CC97CCC6A6D4 /* Log.swift in Sources */,
				17B110E5A293426BC46750B6 /* ScreenActivityAttributes.swift in Sources */,
				A3AA0B796AD846E609C8715A /* ScreenActivityWidget.swift in Sources */,
			);
			runOnlyForDeploymentPostprocessing = 0;
		};
		F4C004C4CB389E0034E1122E /* Sources */ = {
			isa = PBXSourcesBuildPhase;
			buildActionMask = 2147483647;
			files = (
				26CDFC3D92EE8170B33AD712 /* AuditCardView.swift in Sources */,
				FAC64C0EC62585FF2F6ED0FB /* BaseImageReference.swift in Sources */,
				C2D60991CBA072B7D413C5B0 /* BootstrapStatus.swift in Sources */,
				95B75F3E42596B0BE048ED62 /* CVMEndpoints.swift in Sources */,
				2FA72781A397ED7BC74F77DB /* ChatEmptyStateView.swift in Sources */,
				34C90373E432EB5F0EA34BCC /* ChatMessage.swift in Sources */,
				0C85193D472663A67369BAB1 /* ChatView.swift in Sources */,
				F4DA5CC70FEBED4D031AE19D /* ChatViewModel.swift in Sources */,
				5DF918A2E9B422DA9B793E13 /* CinnabarTabBar.swift in Sources */,
				9CCE8CB8D1077F0CC0C236D4 /* ContentEncryption.swift in Sources */,
				97421A140CE8899782DE1375 /* ContentView.swift in Sources */,
				A1342E092AF06A379D8C9825 /* DCAPQVL.swift in Sources */,
				6413661052ADD6827E3A2B24 /* EventLogReplay.swift in Sources */,
				6B69634A47BFB6AA70AF1609 /* FeedlingAPI.swift in Sources */,
				A3CDDB2378A71F1A511E1A9D /* FeedlingTestApp.swift in Sources */,
				A0883EB3FA50ED73B16218B5 /* HealthCheckView.swift in Sources */,
				FC5DCD532A0BCC414EA1AE52 /* IdentityView.swift in Sources */,
				4439EBE8F3C72B5BD382E09B /* IdentityViewModel.swift in Sources */,
				940068BB82408AD885D2D224 /* IntelPCSClient.swift in Sources */,
				413572B886A6EB4E8F6A3587 /* LiveActivityManager.swift in Sources */,
				5D1632F3B41DC01DD2D987E7 /* Log.swift in Sources */,
				75E49560000F12897D980616 /* MemoryGardenView.swift in Sources */,
				F9120D4FF5D273FE20E6D45C /* MemoryViewModel.swift in Sources */,
				E87DFBE44DA3BB134227A46C /* Parser.swift in Sources */,
				BE77D35EC6B586EA5FC67CB4 /* PhotoPicker.swift in Sources */,
				CB2DF8DCA51CEF662CF65FAB /* ScreenActivityAttributes.swift in Sources */,
				EFCC88EE53E5CE40F2B65208 /* SignatureData.swift in Sources */,
				E81AC2D16CA59935AA71DC4F /* Verifier.swift in Sources */,
			);
			runOnlyForDeploymentPostprocessing = 0;
		};
/* End PBXSourcesBuildPhase section */

/* Begin PBXTargetDependency section */
		49B62DB44CC90114BF941EA4 /* PBXTargetDependency */ = {
			isa = PBXTargetDependency;
			target = 143528F74119840BD515D293 /* FeedlingBroadcast */;
			targetProxy = 3A7C6A9930FD12611CA185A9 /* PBXContainerItemProxy */;
		};
		84358B4470F16D89F9CC5DB4 /* PBXTargetDependency */ = {
			isa = PBXTargetDependency;
			target = 40F0E8EF6FA85277D76C29E3 /* FeedlingTestWidget */;
			targetProxy = 9FC01A447C5F280A995C6CBA /* PBXContainerItemProxy */;
		};
/* End PBXTargetDependency section */

/* Begin XCBuildConfiguration section */
		2C428C1431E2DAE1BF932153 /* Release */ = {
			isa = XCBuildConfiguration;
			buildSettings = {
				ALWAYS_SEARCH_USER_PATHS = NO;
				CLANG_ANALYZER_NONNULL = YES;
				CLANG_ANALYZER_NUMBER_OBJECT_CONVERSION = YES_AGGRESSIVE;
				CLANG_CXX_LANGUAGE_STANDARD = "gnu++14";
				CLANG_CXX_LIBRARY = "libc++";
				CLANG_ENABLE_MODULES = YES;
				CLANG_ENABLE_OBJC_ARC = YES;
				CLANG_ENABLE_OBJC_WEAK = YES;
				CLANG_WARN_BLOCK_CAPTURE_AUTORELEASING = YES;
				CLANG_WARN_BOOL_CONVERSION = YES;
				CLANG_WARN_COMMA = YES;
				CLANG_WARN_CONSTANT_CONVERSION = YES;
				CLANG_WARN_DEPRECATED_OBJC_IMPLEMENTATIONS = YES;
				CLANG_WARN_DIRECT_OBJC_ISA_USAGE = YES_ERROR;
				CLANG_WARN_DOCUMENTATION_COMMENTS = YES;
				CLANG_WARN_EMPTY_BODY = YES;
				CLANG_WARN_ENUM_CONVERSION = YES;
				CLANG_WARN_INFINITE_RECURSION = YES;
				CLANG_WARN_INT_CONVERSION = YES;
				CLANG_WARN_NON_LITERAL_NULL_CONVERSION = YES;
				CLANG_WARN_OBJC_IMPLICIT_RETAIN_SELF = YES;
				CLANG_WARN_OBJC_LITERAL_CONVERSION = YES;
				CLANG_WARN_OBJC_ROOT_CLASS = YES_ERROR;
				CLANG_WARN_QUOTED_INCLUDE_IN_FRAMEWORK_HEADER = YES;
				CLANG_WARN_RANGE_LOOP_ANALYSIS = YES;
				CLANG_WARN_STRICT_PROTOTYPES = YES;
				CLANG_WARN_SUSPICIOUS_MOVE = YES;
				CLANG_WARN_UNGUARDED_AVAILABILITY = YES_AGGRESSIVE;
				CLANG_WARN_UNREACHABLE_CODE = YES;
				CLANG_WARN__DUPLICATE_METHOD_MATCH = YES;
				COPY_PHASE_STRIP = NO;
				CURRENT_PROJECT_VERSION = 1;
				DEBUG_INFORMATION_FORMAT = "dwarf-with-dsym";
				DEVELOPMENT_TEAM = DC9JH5DRMY;
				ENABLE_NS_ASSERTIONS = NO;
				ENABLE_STRICT_OBJC_MSGSEND = YES;
				GCC_C_LANGUAGE_STANDARD = gnu11;
				GCC_NO_COMMON_BLOCKS = YES;
				GCC_WARN_64_TO_32_BIT_CONVERSION = YES;
				GCC_WARN_ABOUT_RETURN_TYPE = YES_ERROR;
				GCC_WARN_UNDECLARED_SELECTOR = YES;
				GCC_WARN_UNINITIALIZED_AUTOS = YES_AGGRESSIVE;
				GCC_WARN_UNUSED_FUNCTION = YES;
				GCC_WARN_UNUSED_VARIABLE = YES;
				IPHONEOS_DEPLOYMENT_TARGET = 16.2;
				MARKETING_VERSION = 1.0.0;
				MTL_ENABLE_DEBUG_INFO = NO;
				MTL_FAST_MATH = YES;
				PRODUCT_NAME = "$(TARGET_NAME)";
				SDKROOT = iphoneos;
				SWIFT_COMPILATION_MODE = wholemodule;
				SWIFT_OPTIMIZATION_LEVEL = "-O";
				SWIFT_VERSION = 5.9;
			};
			name = Release;
		};
		2E9D77041FFEC5C98F259AB4 /* Debug */ = {
			isa = XCBuildConfiguration;
			buildSettings = {
				ALWAYS_SEARCH_USER_PATHS = NO;
				CLANG_ANALYZER_NONNULL = YES;
				CLANG_ANALYZER_NUMBER_OBJECT_CONVERSION = YES_AGGRESSIVE;
				CLANG_CXX_LANGUAGE_STANDARD = "gnu++14";
				CLANG_CXX_LIBRARY = "libc++";
				CLANG_ENABLE_MODULES = YES;
				CLANG_ENABLE_OBJC_ARC = YES;
				CLANG_ENABLE_OBJC_WEAK = YES;
				CLANG_WARN_BLOCK_CAPTURE_AUTORELEASING = YES;
				CLANG_WARN_BOOL_CONVERSION = YES;
				CLANG_WARN_COMMA = YES;
				CLANG_WARN_CONSTANT_CONVERSION = YES;
				CLANG_WARN_DEPRECATED_OBJC_IMPLEMENTATIONS = YES;
				CLANG_WARN_DIRECT_OBJC_ISA_USAGE = YES_ERROR;
				CLANG_WARN_DOCUMENTATION_COMMENTS = YES;
				CLANG_WARN_EMPTY_BODY = YES;
				CLANG_WARN_ENUM_CONVERSION = YES;
				CLANG_WARN_INFINITE_RECURSION = YES;
				CLANG_WARN_INT_CONVERSION = YES;
				CLANG_WARN_NON_LITERAL_NULL_CONVERSION = YES;
				CLANG_WARN_OBJC_IMPLICIT_RETAIN_SELF = YES;
				CLANG_WARN_OBJC_LITERAL_CONVERSION = YES;
				CLANG_WARN_OBJC_ROOT_CLASS = YES_ERROR;
				CLANG_WARN_QUOTED_INCLUDE_IN_FRAMEWORK_HEADER = YES;
				CLANG_WARN_RANGE_LOOP_ANALYSIS = YES;
				CLANG_WARN_STRICT_PROTOTYPES = YES;
				CLANG_WARN_SUSPICIOUS_MOVE = YES;
				CLANG_WARN_UNGUARDED_AVAILABILITY = YES_AGGRESSIVE;
				CLANG_WARN_UNREACHABLE_CODE = YES;
				CLANG_WARN__DUPLICATE_METHOD_MATCH = YES;
				COPY_PHASE_STRIP = NO;
				CURRENT_PROJECT_VERSION = 1;
				DEBUG_INFORMATION_FORMAT = dwarf;
				DEVELOPMENT_TEAM = DC9JH5DRMY;
				ENABLE_STRICT_OBJC_MSGSEND = YES;
				ENABLE_TESTABILITY = YES;
				GCC_C_LANGUAGE_STANDARD = gnu11;
				GCC_DYNAMIC_NO_PIC = NO;
				GCC_NO_COMMON_BLOCKS = YES;
				GCC_OPTIMIZATION_LEVEL = 0;
				GCC_PREPROCESSOR_DEFINITIONS = (
					"$(inherited)",
					"DEBUG=1",
				);
				GCC_WARN_64_TO_32_BIT_CONVERSION = YES;
				GCC_WARN_ABOUT_RETURN_TYPE = YES_ERROR;
				GCC_WARN_UNDECLARED_SELECTOR = YES;
				GCC_WARN_UNINITIALIZED_AUTOS = YES_AGGRESSIVE;
				GCC_WARN_UNUSED_FUNCTION = YES;
				GCC_WARN_UNUSED_VARIABLE = YES;
				IPHONEOS_DEPLOYMENT_TARGET = 16.2;
				MARKETING_VERSION = 1.0.0;
				MTL_ENABLE_DEBUG_INFO = INCLUDE_SOURCE;
				MTL_FAST_MATH = YES;
				ONLY_ACTIVE_ARCH = YES;
				PRODUCT_NAME = "$(TARGET_NAME)";
				SDKROOT = iphoneos;
				SWIFT_ACTIVE_COMPILATION_CONDITIONS = DEBUG;
				SWIFT_OPTIMIZATION_LEVEL = "-Onone";
				SWIFT_VERSION = 5.9;
			};
			name = Debug;
		};
		43D38A806517A4460CFAE6C2 /* Release */ = {
			isa = XCBuildConfiguration;
			buildSettings = {
				ASSETCATALOG_COMPILER_APPICON_NAME = AppIcon;
				CODE_SIGN_ENTITLEMENTS = FeedlingTest/FeedlingTest.entitlements;
				CODE_SIGN_IDENTITY = "iPhone Developer";
				DEVELOPMENT_TEAM = DC9JH5DRMY;
				INFOPLIST_FILE = FeedlingTest/Info.plist;
				IPHONEOS_DEPLOYMENT_TARGET = 16.2;
				LD_RUNPATH_SEARCH_PATHS = (
					"$(inherited)",
					"@executable_path/Frameworks",
				);
				PRODUCT_BUNDLE_IDENTIFIER = com.feedling.mcp;
				SDKROOT = iphoneos;
				TARGETED_DEVICE_FAMILY = "1,2";
			};
			name = Release;
		};
		6376747315A5258E9DD19290 /* Debug */ = {
			isa = XCBuildConfiguration;
			buildSettings = {
				CODE_SIGN_ENTITLEMENTS = FeedlingTestWidget/FeedlingTestWidget.entitlements;
				DEVELOPMENT_TEAM = DC9JH5DRMY;
				INFOPLIST_FILE = FeedlingTestWidget/Info.plist;
				IPHONEOS_DEPLOYMENT_TARGET = 16.2;
				LD_RUNPATH_SEARCH_PATHS = (
					"$(inherited)",
					"@executable_path/Frameworks",
					"@executable_path/../../Frameworks",
				);
				PRODUCT_BUNDLE_IDENTIFIER = com.feedling.mcp.widget;
				SDKROOT = iphoneos;
				TARGETED_DEVICE_FAMILY = "1,2";
			};
			name = Debug;
		};
		63F91099D66B8D4EC94006B3 /* Debug */ = {
			isa = XCBuildConfiguration;
			buildSettings = {
				ASSETCATALOG_COMPILER_APPICON_NAME = AppIcon;
				CODE_SIGN_ENTITLEMENTS = FeedlingTest/FeedlingTest.entitlements;
				CODE_SIGN_IDENTITY = "iPhone Developer";
				DEVELOPMENT_TEAM = DC9JH5DRMY;
				INFOPLIST_FILE = FeedlingTest/Info.plist;
				IPHONEOS_DEPLOYMENT_TARGET = 16.2;
				LD_RUNPATH_SEARCH_PATHS = (
					"$(inherited)",
					"@executable_path/Frameworks",
				);
				PRODUCT_BUNDLE_IDENTIFIER = com.feedling.mcp;
				SDKROOT = iphoneos;
				TARGETED_DEVICE_FAMILY = "1,2";
			};
			name = Debug;
		};
		93117991049902E8619757A7 /* Release */ = {
			isa = XCBuildConfiguration;
			buildSettings = {
				CODE_SIGN_ENTITLEMENTS = FeedlingTestWidget/FeedlingTestWidget.entitlements;
				DEVELOPMENT_TEAM = DC9JH5DRMY;
				INFOPLIST_FILE = FeedlingTestWidget/Info.plist;
				IPHONEOS_DEPLOYMENT_TARGET = 16.2;
				LD_RUNPATH_SEARCH_PATHS = (
					"$(inherited)",
					"@executable_path/Frameworks",
					"@executable_path/../../Frameworks",
				);
				PRODUCT_BUNDLE_IDENTIFIER = com.feedling.mcp.widget;
				SDKROOT = iphoneos;
				TARGETED_DEVICE_FAMILY = "1,2";
			};
			name = Release;
		};
		D6C8509A80E309C02C7984CA /* Debug */ = {
			isa = XCBuildConfiguration;
			buildSettings = {
				CODE_SIGN_ENTITLEMENTS = FeedlingBroadcast/FeedlingBroadcast.entitlements;
				DEVELOPMENT_TEAM = DC9JH5DRMY;
				INFOPLIST_FILE = FeedlingBroadcast/Info.plist;
				IPHONEOS_DEPLOYMENT_TARGET = 16.2;
				LD_RUNPATH_SEARCH_PATHS = (
					"$(inherited)",
					"@executable_path/Frameworks",
					"@executable_path/../../Frameworks",
				);
				PRODUCT_BUNDLE_IDENTIFIER = com.feedling.mcp.broadcast;
				SDKROOT = iphoneos;
				TARGETED_DEVICE_FAMILY = "1,2";
			};
			name = Debug;
		};
		DA1A52DE82AB49760F1D1DA2 /* Release */ = {
			isa = XCBuildConfiguration;
			buildSettings = {
				CODE_SIGN_ENTITLEMENTS = FeedlingBroadcast/FeedlingBroadcast.entitlements;
				DEVELOPMENT_TEAM = DC9JH5DRMY;
				INFOPLIST_FILE = FeedlingBroadcast/Info.plist;
				IPHONEOS_DEPLOYMENT_TARGET = 16.2;
				LD_RUNPATH_SEARCH_PATHS = (
					"$(inherited)",
					"@executable_path/Frameworks",
					"@executable_path/../../Frameworks",
				);
				PRODUCT_BUNDLE_IDENTIFIER = com.feedling.mcp.broadcast;
				SDKROOT = iphoneos;
				TARGETED_DEVICE_FAMILY = "1,2";
			};
			name = Release;
		};
/* End XCBuildConfiguration section */

/* Begin XCConfigurationList section */
		5C7A44734ECB7FD48F277D7B /* Build configuration list for PBXProject "FeedlingTest" */ = {
			isa = XCConfigurationList;
			buildConfigurations = (
				2E9D77041FFEC5C98F259AB4 /* Debug */,
				2C428C1431E2DAE1BF932153 /* Release */,
			);
			defaultConfigurationIsVisible = 0;
			defaultConfigurationName = Debug;
		};
		AFB024797D588A76444F24A7 /* Build configuration list for PBXNativeTarget "FeedlingBroadcast" */ = {
			isa = XCConfigurationList;
			buildConfigurations = (
				D6C8509A80E309C02C7984CA /* Debug */,
				DA1A52DE82AB49760F1D1DA2 /* Release */,
			);
			defaultConfigurationIsVisible = 0;
			defaultConfigurationName = Debug;
		};
		D2EFF8A7C1291089CCC4638E /* Build configuration list for PBXNativeTarget "FeedlingTest" */ = {
			isa = XCConfigurationList;
			buildConfigurations = (
				63F91099D66B8D4EC94006B3 /* Debug */,
				43D38A806517A4460CFAE6C2 /* Release */,
			);
			defaultConfigurationIsVisible = 0;
			defaultConfigurationName = Debug;
		};
		D4BD810697F1A6C80AD6D748 /* Build configuration list for PBXNativeTarget "FeedlingTestWidget" */ = {
			isa = XCConfigurationList;
			buildConfigurations = (
				6376747315A5258E9DD19290 /* Debug */,
				93117991049902E8619757A7 /* Release */,
			);
			defaultConfigurationIsVisible = 0;
			defaultConfigurationName = Debug;
		};
/* End XCConfigurationList section */
	};
	rootObject = 7666E9E4F7C671C82EBD8484 /* Project object */;
}
