// !$*UTF8*$!
{
	archiveVersion = 1;
	classes = {
	};
	objectVersion = 77;
	objects = {

/* Begin PBXBuildFile section */
		00BCDC48AEB1ECA0468DA469 /* NotoSerifSC-Regular.ttf in Resources */ = {isa = PBXBuildFile; fileRef = BA24831D1799FBA20704C6C9 /* NotoSerifSC-Regular.ttf */; };
		01EC9B6CDE5327390A2AD795 /* SignatureData.swift in Sources */ = {isa = PBXBuildFile; fileRef = 84A53C16E314867AB80A4A3F /* SignatureData.swift */; };
		0CD70CB41FE1967BB1B6ACB8 /* ComposeHashChangeConsentView.swift in Sources */ = {isa = PBXBuildFile; fileRef = EAD01A578BF79CB7B6513ECF /* ComposeHashChangeConsentView.swift */; };
		13AB3438ED8D689FF39D76A9 /* AppRouter.swift in Sources */ = {isa = PBXBuildFile; fileRef = E2ACDBCB07FCD142CF6E217F /* AppRouter.swift */; };
		17B110E5A293426BC46750B6 /* ScreenActivityAttributes.swift in Sources */ = {isa = PBXBuildFile; fileRef = 059AB22EE40CB3F08CADCAE2 /* ScreenActivityAttributes.swift */; };
		1AD3872C62BB8BB301CF8B32 /* PhotoPicker.swift in Sources */ = {isa = PBXBuildFile; fileRef = 749B831C66B7CA0FA0655B48 /* PhotoPicker.swift */; };
		2024D86B957E1BF00F2B4830 /* Parser.swift in Sources */ = {isa = PBXBuildFile; fileRef = 959F13A9DEA874A15F736B3F /* Parser.swift */; };
		21891A9A19013F0DF231A6C9 /* FrameEnvelope.swift in Sources */ = {isa = PBXBuildFile; fileRef = 2449E25E7E495E2125E1DE74 /* FrameEnvelope.swift */; };
		2915EE5C77BFDB93284C1525 /* NotoSerifSC-Medium.ttf in Resources */ = {isa = PBXBuildFile; fileRef = 3EA29C62EFBADE46D3DE876B /* NotoSerifSC-Medium.ttf */; };
		2C87331264D81ED2CB8E1A5F /* Newsreader-VariableFont_opsz,wght.ttf in Resources */ = {isa = PBXBuildFile; fileRef = 5DEC705E885C390B18F83362 /* Newsreader-VariableFont_opsz,wght.ttf */; };
		2D6C4681A184D00774C9AAD3 /* SampleHandler.swift in Sources */ = {isa = PBXBuildFile; fileRef = 8585B7EF732F6D6EF2D5BEE6 /* SampleHandler.swift */; };
		338124D9B77D132F036521C4 /* ExportSheet.swift in Sources */ = {isa = PBXBuildFile; fileRef = 43077C264D2FBF2F13036F03 /* ExportSheet.swift */; };
		3C6FF0CAD4E9C2202D958389 /* IntelSGXRootCA.der in Resources */ = {isa = PBXBuildFile; fileRef = 5DEA24A6FF495A03E9F7A56E /* IntelSGXRootCA.der */; };
		41799784643FF6E83430F8DD /* BootstrapStatus.swift in Sources */ = {isa = PBXBuildFile; fileRef = 6ECC0A7EB4AC76F7CB2588A0 /* BootstrapStatus.swift */; };
		494C68F4BA81FE296E359B84 /* IntelPCSClient.swift in Sources */ = {isa = PBXBuildFile; fileRef = A8CA389EA11ABCA71B8E1B19 /* IntelPCSClient.swift */; };
		4DC9F05CA3D2CF5D85FBCE14 /* Newsreader-VariableFont_opsz,wght.ttf in Resources */ = {isa = PBXBuildFile; fileRef = 5DEC705E885C390B18F83362 /* Newsreader-VariableFont_opsz,wght.ttf */; };
		52DFBF47EF4E20033E8F3909 /* ChatView.swift in Sources */ = {isa = PBXBuildFile; fileRef = D9551D8A728731F62B137614 /* ChatView.swift */; };
		56BEDBB90CCEE5017A47D79C /* WebSocketManager.swift in Sources */ = {isa = PBXBuildFile; fileRef = 9DB161EB74DB2AA3F40F30E0 /* WebSocketManager.swift */; };
		58C751BB8A58E3201B29A6A6 /* MemoryGardenView.swift in Sources */ = {isa = PBXBuildFile; fileRef = B6DC4C29A7A8C4EFE115D744 /* MemoryGardenView.swift */; };
		5D1632F3B41DC01DD2D987E7 /* Log.swift in Sources */ = {isa = PBXBuildFile; fileRef = C904E38EAFF508769925F04D /* Log.swift */; };
		5F26C53FF4A1FC30882BF600 /* HealthCheckView.swift in Sources */ = {isa = PBXBuildFile; fileRef = 2640E855D5B6621C7D429CEA /* HealthCheckView.swift */; };
		60458B681F128B4A35FCEE22 /* NotoSerifSC-Medium.ttf in Resources */ = {isa = PBXBuildFile; fileRef = 3EA29C62EFBADE46D3DE876B /* NotoSerifSC-Medium.ttf */; };
		61F24F4911D4423B125600EF /* SharedConfig.swift in Sources */ = {isa = PBXBuildFile; fileRef = 2CDD8AF63E3E29635CACE24C /* SharedConfig.swift */; };
		68F2D1A44C2F23832403BCA0 /* SettingsView.swift in Sources */ = {isa = PBXBuildFile; fileRef = 01AFD7329C593581BAD66768 /* SettingsView.swift */; };
		6902489648E34AED4D9BE0C6 /* DMMono-Medium.ttf in Resources */ = {isa = PBXBuildFile; fileRef = AB31BA5FA109560022326382 /* DMMono-Medium.ttf */; };
		786DB254DAB21CF0EA139AC2 /* IdentityView.swift in Sources */ = {isa = PBXBuildFile; fileRef = A74A49FE655A69D61E719A6F /* IdentityView.swift */; };
		7AACEE491CBD32D1CFF67B63 /* Newsreader-Italic-VariableFont_opsz,wght.ttf in Resources */ = {isa = PBXBuildFile; fileRef = 992A1C01C4FF54F7AD92D625 /* Newsreader-Italic-VariableFont_opsz,wght.ttf */; };
		7B3B568A3C6D94C4402DA76E /* Log.swift in Sources */ = {isa = PBXBuildFile; fileRef = C904E38EAFF508769925F04D /* Log.swift */; };
		7BC164CC61C5306140493D63 /* DMMono-Regular.ttf in Resources */ = {isa = PBXBuildFile; fileRef = 548A174CA8E1811CE5F6D2A6 /* DMMono-Regular.ttf */; };
		7D3365E5415854238D250C0C /* InterTight-Regular.ttf in Resources */ = {isa = PBXBuildFile; fileRef = C58E71D6EA902590C1FEC44B /* InterTight-Regular.ttf */; };
		8008026851A69E377E0C9937 /* SampleHandler+WebSocketQueue.swift in Sources */ = {isa = PBXBuildFile; fileRef = 408A6FFA15EE70ECF1B9E9DA /* SampleHandler+WebSocketQueue.swift */; };
		8444956D16998579C3D74FAB /* FeedlingTestWidget.appex in Embed Foundation Extensions */ = {isa = PBXBuildFile; fileRef = B47B840768263FD66F28FB11 /* FeedlingTestWidget.appex */; settings = {ATTRIBUTES = (RemoveHeadersOnCopy, ); }; };
		8F945BC6D250E31A1050D212 /* Verifier.swift in Sources */ = {isa = PBXBuildFile; fileRef = 0AA3AE8BDD5F18D2D63049D8 /* Verifier.swift */; };
		91A2A014AFCE9CEBAFA8EDAB /* ContentEncryption.swift in Sources */ = {isa = PBXBuildFile; fileRef = 464AA28625ABB8D22C023166 /* ContentEncryption.swift */; };
		92AD4CAB1CD7619D3373B25A /* StorageBackendView.swift in Sources */ = {isa = PBXBuildFile; fileRef = 05DFA0FEE661ABE0D7A1745E /* StorageBackendView.swift */; };
		990C5DA10A3AAA074DE48662 /* AuditCardView.swift in Sources */ = {isa = PBXBuildFile; fileRef = 5F39368A649F8E3780E32F82 /* AuditCardView.swift */; };
		9E84090ADA58BE74702C17F7 /* InterTight-Regular.ttf in Resources */ = {isa = PBXBuildFile; fileRef = C58E71D6EA902590C1FEC44B /* InterTight-Regular.ttf */; };
		A3AA0B796AD846E609C8715A /* ScreenActivityWidget.swift in Sources */ = {isa = PBXBuildFile; fileRef = 8485AF4D5CF32FCD3BD19600 /* ScreenActivityWidget.swift */; };
		A3E3689E0E12A758710A9A91 /* DMMono-Regular.ttf in Resources */ = {isa = PBXBuildFile; fileRef = 548A174CA8E1811CE5F6D2A6 /* DMMono-Regular.ttf */; };
		A6AA07A4562B42F0D4E9D2CB /* PrivacyPageView.swift in Sources */ = {isa = PBXBuildFile; fileRef = C55C65FCC3C0E7F086EDA876 /* PrivacyPageView.swift */; };
		A98E3F3C7D61531BAF8A1C4C /* ChatMessage.swift in Sources */ = {isa = PBXBuildFile; fileRef = 56E6F2A31CE5812A42940AEC /* ChatMessage.swift */; };
		AC853763C936C4B49EBE6144 /* InterTight-Medium.ttf in Resources */ = {isa = PBXBuildFile; fileRef = 6AF693E964E61584CC592DE2 /* InterTight-Medium.ttf */; };
		ACC5DCF6B4A6806E7078427A /* FeedlingAPI.swift in Sources */ = {isa = PBXBuildFile; fileRef = 47940709B84D3F0CE0C3C4CB /* FeedlingAPI.swift */; };
		ACE8F7F4B7DC2B3C2A07C186 /* MemoryVisibilityMenu.swift in Sources */ = {isa = PBXBuildFile; fileRef = 2B7D01720594B14E094BFA53 /* MemoryVisibilityMenu.swift */; };
		B0C93EBA840BE6E368066A2A /* CinnabarTabBar.swift in Sources */ = {isa = PBXBuildFile; fileRef = 6775563148F8D8537E7C86A0 /* CinnabarTabBar.swift */; };
		B69B7DD213D51FE31B06075E /* ResetAndReimportSheet.swift in Sources */ = {isa = PBXBuildFile; fileRef = 65FDB70F385F8503CD52BD74 /* ResetAndReimportSheet.swift */; };
		BB1D05C1473600C74F279FEB /* LiveActivityManager.swift in Sources */ = {isa = PBXBuildFile; fileRef = 4C4DAE2D2771A00B7CA2056F /* LiveActivityManager.swift */; };
		BC9B0CBC17AAC1255B45A190 /* Assets.xcassets in Resources */ = {isa = PBXBuildFile; fileRef = 1B8A7BF4CCA8BF6B818B587E /* Assets.xcassets */; };
		C009F5DE6283D73C256139D5 /* DCAPQVL.swift in Sources */ = {isa = PBXBuildFile; fileRef = 1F41B288162BA7ADFC4C8C84 /* DCAPQVL.swift */; };
		C270F14DB78D966B0334D0FF /* InterTight-Medium.ttf in Resources */ = {isa = PBXBuildFile; fileRef = 6AF693E964E61584CC592DE2 /* InterTight-Medium.ttf */; };
		CA3208BBBB87EF3581EC5B3E /* OnboardingView.swift in Sources */ = {isa = PBXBuildFile; fileRef = 86B87B954541E77E7FD25D86 /* OnboardingView.swift */; };
		CB2DF8DCA51CEF662CF65FAB /* ScreenActivityAttributes.swift in Sources */ = {isa = PBXBuildFile; fileRef = 059AB22EE40CB3F08CADCAE2 /* ScreenActivityAttributes.swift */; };
		CB83E860E05411F455F5DF89 /* RunbookView.swift in Sources */ = {isa = PBXBuildFile; fileRef = 702DF95B54F5AD4A9D8BD08A /* RunbookView.swift */; };
		CC8FC142EF44D8FB8D510EDA /* Newsreader-Italic-VariableFont_opsz,wght.ttf in Resources */ = {isa = PBXBuildFile; fileRef = 992A1C01C4FF54F7AD92D625 /* Newsreader-Italic-VariableFont_opsz,wght.ttf */; };
		D3EE3FBAAB9B07027E0EE9B8 /* FeedlingTestApp.swift in Sources */ = {isa = PBXBuildFile; fileRef = 406248FDF0DB4A3880BE0286 /* FeedlingTestApp.swift */; };
		D8B1E872AD950F32CFCD217B /* DeleteSheet.swift in Sources */ = {isa = PBXBuildFile; fileRef = 0819B5A4516C41F86181781F /* DeleteSheet.swift */; };
		DF90A85B63C8C62A65378338 /* ChatViewModel.swift in Sources */ = {isa = PBXBuildFile; fileRef = 5FDC5E48CC67803D7876A7C9 /* ChatViewModel.swift */; };
		E16BB6CF95C921970190B568 /* BaseImageReference.swift in Sources */ = {isa = PBXBuildFile; fileRef = 06CDF1935BB29C474535D9A8 /* BaseImageReference.swift */; };
		E5572F9376D197D99DF91E67 /* FeedlingBroadcast.appex in Embed Foundation Extensions */ = {isa = PBXBuildFile; fileRef = C33E21075035F8499B243C1B /* FeedlingBroadcast.appex */; settings = {ATTRIBUTES = (RemoveHeadersOnCopy, ); }; };
		E5C880EB40DFDE9E3719B474 /* FeedlingTestWidgetBundle.swift in Sources */ = {isa = PBXBuildFile; fileRef = E807384089044501BDD54BFA /* FeedlingTestWidgetBundle.swift */; };
		E8A98DD18307CC97CCC6A6D4 /* Log.swift in Sources */ = {isa = PBXBuildFile; fileRef = C904E38EAFF508769925F04D /* Log.swift */; };
		EABBF10A6E3A795695D4185E /* NotoSerifSC-Regular.ttf in Resources */ = {isa = PBXBuildFile; fileRef = BA24831D1799FBA20704C6C9 /* NotoSerifSC-Regular.ttf */; };
		EBBE94845A32B081CF536ADC /* EventLogReplay.swift in Sources */ = {isa = PBXBuildFile; fileRef = CFBD2BFC8178C48A6EC449AA /* EventLogReplay.swift */; };
		EC5FCBD511CE325FDF937BAA /* ContentView.swift in Sources */ = {isa = PBXBuildFile; fileRef = 60CEEE230C50894ADC0C539C /* ContentView.swift */; };
		F1E2BE0DDF9864D61980C5B6 /* MemoryViewModel.swift in Sources */ = {isa = PBXBuildFile; fileRef = 747505BEC94B898BE3D3EAAE /* MemoryViewModel.swift */; };
		F534488FD5FDF3FCC5A35780 /* ChatEmptyStateView.swift in Sources */ = {isa = PBXBuildFile; fileRef = 01E350AACC7E1BC6ED9F1D28 /* ChatEmptyStateView.swift */; };
		F763F817D45909BB8ADBC72E /* CVMEndpoints.swift in Sources */ = {isa = PBXBuildFile; fileRef = A8230854FC3006D98EDCB619 /* CVMEndpoints.swift */; };
		F7CA7639A491E69361DE1C2A /* IdentityViewModel.swift in Sources */ = {isa = PBXBuildFile; fileRef = 1764BC608F5EFA45366FE596 /* IdentityViewModel.swift */; };
		FE23CC9883E7481AFB875E5B /* DMMono-Medium.ttf in Resources */ = {isa = PBXBuildFile; fileRef = AB31BA5FA109560022326382 /* DMMono-Medium.ttf */; };
/* End PBXBuildFile section */

/* Begin PBXContainerItemProxy section */
		3A7C6A9930FD12611CA185A9 /* PBXContainerItemProxy */ = {
			isa = PBXContainerItemProxy;
			containerPortal = 7666E9E4F7C671C82EBD8484 /* Project object */;
			proxyType = 1;
			remoteGlobalIDString = 143528F74119840BD515D293;
			remoteInfo = FeedlingBroadcast;
		};
		9FC01A447C5F280A995C6CBA /* PBXContainerItemProxy */ = {
			isa = PBXContainerItemProxy;
			containerPortal = 7666E9E4F7C671C82EBD8484 /* Project object */;
			proxyType = 1;
			remoteGlobalIDString = 40F0E8EF6FA85277D76C29E3;
			remoteInfo = FeedlingTestWidget;
		};
/* End PBXContainerItemProxy section */

/* Begin PBXCopyFilesBuildPhase section */
		219D1342B426C7862A8C1E2B /* Embed Foundation Extensions */ = {
			isa = PBXCopyFilesBuildPhase;
			buildActionMask = 2147483647;
			dstPath = "";
			dstSubfolderSpec = 13;
			files = (
				8444956D16998579C3D74FAB /* FeedlingTestWidget.appex in Embed Foundation Extensions */,
				E5572F9376D197D99DF91E67 /* FeedlingBroadcast.appex in Embed Foundation Extensions */,
			);
			name = "Embed Foundation Extensions";
			runOnlyForDeploymentPostprocessing = 0;
		};
/* End PBXCopyFilesBuildPhase section */

/* Begin PBXFileReference section */
		01AFD7329C593581BAD66768 /* SettingsView.swift */ = {isa = PBXFileReference; lastKnownFileType = sourcecode.swift; path = SettingsView.swift; sourceTree = "<group>"; };
		01E350AACC7E1BC6ED9F1D28 /* ChatEmptyStateView.swift */ = {isa = PBXFileReference; lastKnownFileType = sourcecode.swift; path = ChatEmptyStateView.swift; sourceTree = "<group>"; };
		059AB22EE40CB3F08CADCAE2 /* ScreenActivityAttributes.swift */ = {isa = PBXFileReference; lastKnownFileType = sourcecode.swift; path = ScreenActivityAttributes.swift; sourceTree = "<group>"; };
		05DFA0FEE661ABE0D7A1745E /* StorageBackendView.swift */ = {isa = PBXFileReference; lastKnownFileType = sourcecode.swift; path = StorageBackendView.swift; sourceTree = "<group>"; };
		06CDF1935BB29C474535D9A8 /* BaseImageReference.swift */ = {isa = PBXFileReference; lastKnownFileType = sourcecode.swift; path = BaseImageReference.swift; sourceTree = "<group>"; };
		0819B5A4516C41F86181781F /* DeleteSheet.swift */ = {isa = PBXFileReference; lastKnownFileType = sourcecode.swift; path = DeleteSheet.swift; sourceTree = "<group>"; };
		0AA3AE8BDD5F18D2D63049D8 /* Verifier.swift */ = {isa = PBXFileReference; lastKnownFileType = sourcecode.swift; path = Verifier.swift; sourceTree = "<group>"; };
		1764BC608F5EFA45366FE596 /* IdentityViewModel.swift */ = {isa = PBXFileReference; lastKnownFileType = sourcecode.swift; path = IdentityViewModel.swift; sourceTree = "<group>"; };
		1B8A7BF4CCA8BF6B818B587E /* Assets.xcassets */ = {isa = PBXFileReference; lastKnownFileType = folder.assetcatalog; path = Assets.xcassets; sourceTree = "<group>"; };
		1F41B288162BA7ADFC4C8C84 /* DCAPQVL.swift */ = {isa = PBXFileReference; lastKnownFileType = sourcecode.swift; path = DCAPQVL.swift; sourceTree = "<group>"; };
		2449E25E7E495E2125E1DE74 /* FrameEnvelope.swift */ = {isa = PBXFileReference; lastKnownFileType = sourcecode.swift; path = FrameEnvelope.swift; sourceTree = "<group>"; };
		2640E855D5B6621C7D429CEA /* HealthCheckView.swift */ = {isa = PBXFileReference; lastKnownFileType = sourcecode.swift; path = HealthCheckView.swift; sourceTree = "<group>"; };
		2889F890552F556700BB6ACD /* Info.plist */ = {isa = PBXFileReference; lastKnownFileType = text.plist; path = Info.plist; sourceTree = "<group>"; };
		2B7D01720594B14E094BFA53 /* MemoryVisibilityMenu.swift */ = {isa = PBXFileReference; lastKnownFileType = sourcecode.swift; path = MemoryVisibilityMenu.swift; sourceTree = "<group>"; };
		2CDD8AF63E3E29635CACE24C /* SharedConfig.swift */ = {isa = PBXFileReference; lastKnownFileType = sourcecode.swift; path = SharedConfig.swift; sourceTree = "<group>"; };
		3909F8C0719509F4F8260943 /* FeedlingBroadcast.entitlements */ = {isa = PBXFileReference; lastKnownFileType = text.plist.entitlements; path = FeedlingBroadcast.entitlements; sourceTree = "<group>"; };
		3EA29C62EFBADE46D3DE876B /* NotoSerifSC-Medium.ttf */ = {isa = PBXFileReference; lastKnownFileType = file; path = "NotoSerifSC-Medium.ttf"; sourceTree = "<group>"; };
		406248FDF0DB4A3880BE0286 /* FeedlingTestApp.swift */ = {isa = PBXFileReference; lastKnownFileType = sourcecode.swift; path = FeedlingTestApp.swift; sourceTree = "<group>"; };
		408A6FFA15EE70ECF1B9E9DA /* SampleHandler+WebSocketQueue.swift */ = {isa = PBXFileReference; lastKnownFileType = sourcecode.swift; path = "SampleHandler+WebSocketQueue.swift"; sourceTree = "<group>"; };
		43077C264D2FBF2F13036F03 /* ExportSheet.swift */ = {isa = PBXFileReference; lastKnownFileType = sourcecode.swift; path = ExportSheet.swift; sourceTree = "<group>"; };
		464AA28625ABB8D22C023166 /* ContentEncryption.swift */ = {isa = PBXFileReference; lastKnownFileType = sourcecode.swift; path = ContentEncryption.swift; sourceTree = "<group>"; };
		47940709B84D3F0CE0C3C4CB /* FeedlingAPI.swift */ = {isa = PBXFileReference; lastKnownFileType = sourcecode.swift; path = FeedlingAPI.swift; sourceTree = "<group>"; };
		4C4DAE2D2771A00B7CA2056F /* LiveActivityManager.swift */ = {isa = PBXFileReference; lastKnownFileType = sourcecode.swift; path = LiveActivityManager.swift; sourceTree = "<group>"; };
		548A174CA8E1811CE5F6D2A6 /* DMMono-Regular.ttf */ = {isa = PBXFileReference; lastKnownFileType = file; path = "DMMono-Regular.ttf"; sourceTree = "<group>"; };
		55823AFBDF473E1DBABB4A3E /* FeedlingTestWidget.entitlements */ = {isa = PBXFileReference; lastKnownFileType = text.plist.entitlements; path = FeedlingTestWidget.entitlements; sourceTree = "<group>"; };
		56E6F2A31CE5812A42940AEC /* ChatMessage.swift */ = {isa = PBXFileReference; lastKnownFileType = sourcecode.swift; path = ChatMessage.swift; sourceTree = "<group>"; };
		5DEA24A6FF495A03E9F7A56E /* IntelSGXRootCA.der */ = {isa = PBXFileReference; path = IntelSGXRootCA.der; sourceTree = "<group>"; };
		5DEC705E885C390B18F83362 /* Newsreader-VariableFont_opsz,wght.ttf */ = {isa = PBXFileReference; lastKnownFileType = file; path = "Newsreader-VariableFont_opsz,wght.ttf"; sourceTree = "<group>"; };
		5F39368A649F8E3780E32F82 /* AuditCardView.swift */ = {isa = PBXFileReference; lastKnownFileType = sourcecode.swift; path = AuditCardView.swift; sourceTree = "<group>"; };
		5FDC5E48CC67803D7876A7C9 /* ChatViewModel.swift */ = {isa = PBXFileReference; lastKnownFileType = sourcecode.swift; path = ChatViewModel.swift; sourceTree = "<group>"; };
		60CEEE230C50894ADC0C539C /* ContentView.swift */ = {isa = PBXFileReference; lastKnownFileType = sourcecode.swift; path = ContentView.swift; sourceTree = "<group>"; };
		65FDB70F385F8503CD52BD74 /* ResetAndReimportSheet.swift */ = {isa = PBXFileReference; lastKnownFileType = sourcecode.swift; path = ResetAndReimportSheet.swift; sourceTree = "<group>"; };
		6775563148F8D8537E7C86A0 /* CinnabarTabBar.swift */ = {isa = PBXFileReference; lastKnownFileType = sourcecode.swift; path = CinnabarTabBar.swift; sourceTree = "<group>"; };
		6AF693E964E61584CC592DE2 /* InterTight-Medium.ttf */ = {isa = PBXFileReference; lastKnownFileType = file; path = "InterTight-Medium.ttf"; sourceTree = "<group>"; };
		6ECC0A7EB4AC76F7CB2588A0 /* BootstrapStatus.swift */ = {isa = PBXFileReference; lastKnownFileType = sourcecode.swift; path = BootstrapStatus.swift; sourceTree = "<group>"; };
		702DF95B54F5AD4A9D8BD08A /* RunbookView.swift */ = {isa = PBXFileReference; lastKnownFileType = sourcecode.swift; path = RunbookView.swift; sourceTree = "<group>"; };
		747505BEC94B898BE3D3EAAE /* MemoryViewModel.swift */ = {isa = PBXFileReference; lastKnownFileType = sourcecode.swift; path = MemoryViewModel.swift; sourceTree = "<group>"; };
		749B831C66B7CA0FA0655B48 /* PhotoPicker.swift */ = {isa = PBXFileReference; lastKnownFileType = sourcecode.swift; path = PhotoPicker.swift; sourceTree = "<group>"; };
		8485AF4D5CF32FCD3BD19600 /* ScreenActivityWidget.swift */ = {isa = PBXFileReference; lastKnownFileType = sourcecode.swift; path = ScreenActivityWidget.swift; sourceTree = "<group>"; };
		84A53C16E314867AB80A4A3F /* SignatureData.swift */ = {isa = PBXFileReference; lastKnownFileType = sourcecode.swift; path = SignatureData.swift; sourceTree = "<group>"; };
		8585B7EF732F6D6EF2D5BEE6 /* SampleHandler.swift */ = {isa = PBXFileReference; lastKnownFileType = sourcecode.swift; path = SampleHandler.swift; sourceTree = "<group>"; };
		86B87B954541E77E7FD25D86 /* OnboardingView.swift */ = {isa = PBXFileReference; lastKnownFileType = sourcecode.swift; path = OnboardingView.swift; sourceTree = "<group>"; };
		8C308EE0153161454F66B92E /* Info.plist */ = {isa = PBXFileReference; lastKnownFileType = text.plist; path = Info.plist; sourceTree = "<group>"; };
		959F13A9DEA874A15F736B3F /* Parser.swift */ = {isa = PBXFileReference; lastKnownFileType = sourcecode.swift; path = Parser.swift; sourceTree = "<group>"; };
		992A1C01C4FF54F7AD92D625 /* Newsreader-Italic-VariableFont_opsz,wght.ttf */ = {isa = PBXFileReference; lastKnownFileType = file; path = "Newsreader-Italic-VariableFont_opsz,wght.ttf"; sourceTree = "<group>"; };
		9BEDE1B24252F0AF7E4B9A09 /* FeedlingTest.app */ = {isa = PBXFileReference; includeInIndex = 0; lastKnownFileType = wrapper.application; path = FeedlingTest.app; sourceTree = BUILT_PRODUCTS_DIR; };
		9DB161EB74DB2AA3F40F30E0 /* WebSocketManager.swift */ = {isa = PBXFileReference; lastKnownFileType = sourcecode.swift; path = WebSocketManager.swift; sourceTree = "<group>"; };
		A74A49FE655A69D61E719A6F /* IdentityView.swift */ = {isa = PBXFileReference; lastKnownFileType = sourcecode.swift; path = IdentityView.swift; sourceTree = "<group>"; };
		A8230854FC3006D98EDCB619 /* CVMEndpoints.swift */ = {isa = PBXFileReference; lastKnownFileType = sourcecode.swift; path = CVMEndpoints.swift; sourceTree = "<group>"; };
		A8CA389EA11ABCA71B8E1B19 /* IntelPCSClient.swift */ = {isa = PBXFileReference; lastKnownFileType = sourcecode.swift; path = IntelPCSClient.swift; sourceTree = "<group>"; };
		AB31BA5FA109560022326382 /* DMMono-Medium.ttf */ = {isa = PBXFileReference; lastKnownFileType = file; path = "DMMono-Medium.ttf"; sourceTree = "<group>"; };
		B47B840768263FD66F28FB11 /* FeedlingTestWidget.appex */ = {isa = PBXFileReference; includeInIndex = 0; lastKnownFileType = "wrapper.app-extension"; path = FeedlingTestWidget.appex; sourceTree = BUILT_PRODUCTS_DIR; };
		B6DC4C29A7A8C4EFE115D744 /* MemoryGardenView.swift */ = {isa = PBXFileReference; lastKnownFileType = sourcecode.swift; path = MemoryGardenView.swift; sourceTree = "<group>"; };
		BA24831D1799FBA20704C6C9 /* NotoSerifSC-Regular.ttf */ = {isa = PBXFileReference; lastKnownFileType = file; path = "NotoSerifSC-Regular.ttf"; sourceTree = "<group>"; };
		C33E21075035F8499B243C1B /* FeedlingBroadcast.appex */ = {isa = PBXFileReference; includeInIndex = 0; lastKnownFileType = "wrapper.app-extension"; path = FeedlingBroadcast.appex; sourceTree = BUILT_PRODUCTS_DIR; };
		C55C65FCC3C0E7F086EDA876 /* PrivacyPageView.swift */ = {isa = PBXFileReference; lastKnownFileType = sourcecode.swift; path = PrivacyPageView.swift; sourceTree = "<group>"; };
		C58E71D6EA902590C1FEC44B /* InterTight-Regular.ttf */ = {isa = PBXFileReference; lastKnownFileType = file; path = "InterTight-Regular.ttf"; sourceTree = "<group>"; };
		C904E38EAFF508769925F04D /* Log.swift */ = {isa = PBXFileReference; lastKnownFileType = sourcecode.swift; path = Log.swift; sourceTree = "<group>"; };
		CFBD2BFC8178C48A6EC449AA /* EventLogReplay.swift */ = {isa = PBXFileReference; lastKnownFileType = sourcecode.swift; path = EventLogReplay.swift; sourceTree = "<group>"; };
		D9551D8A728731F62B137614 /* ChatView.swift */ = {isa = PBXFileReference; lastKnownFileType = sourcecode.swift; path = ChatView.swift; sourceTree = "<group>"; };
		E2ACDBCB07FCD142CF6E217F /* AppRouter.swift */ = {isa = PBXFileReference; lastKnownFileType = sourcecode.swift; path = AppRouter.swift; sourceTree = "<group>"; };
		E807384089044501BDD54BFA /* FeedlingTestWidgetBundle.swift */ = {isa = PBXFileReference; lastKnownFileType = sourcecode.swift; path = FeedlingTestWidgetBundle.swift; sourceTree = "<group>"; };
		EAD01A578BF79CB7B6513ECF /* ComposeHashChangeConsentView.swift */ = {isa = PBXFileReference; lastKnownFileType = sourcecode.swift; path = ComposeHashChangeConsentView.swift; sourceTree = "<group>"; };
/* End PBXFileReference section */

/* Begin PBXGroup section */
		0E6B0860E646F7727F69845C /* FeedlingTestWidget */ = {
			isa = PBXGroup;
			children = (
				55823AFBDF473E1DBABB4A3E /* FeedlingTestWidget.entitlements */,
				E807384089044501BDD54BFA /* FeedlingTestWidgetBundle.swift */,
				8C308EE0153161454F66B92E /* Info.plist */,
				8485AF4D5CF32FCD3BD19600 /* ScreenActivityWidget.swift */,
			);
			path = FeedlingTestWidget;
			sourceTree = "<group>";
		};
		0E9CF1DFFEF7EBFABD8DA3E0 /* FeedlingTest */ = {
			isa = PBXGroup;
			children = (
				1B8A7BF4CCA8BF6B818B587E /* Assets.xcassets */,
			);
			path = FeedlingTest;
			sourceTree = "<group>";
		};
		10839A71023889DCFFEB3E3A /* Audit */ = {
			isa = PBXGroup;
			children = (
				5F39368A649F8E3780E32F82 /* AuditCardView.swift */,
				6ECC0A7EB4AC76F7CB2588A0 /* BootstrapStatus.swift */,
				CFBD2BFC8178C48A6EC449AA /* EventLogReplay.swift */,
				2640E855D5B6621C7D429CEA /* HealthCheckView.swift */,
				22CC77C3B42D27CA3F9944F4 /* DCAP */,
			);
			name = Audit;
			path = FeedlingTest/Audit;
			sourceTree = "<group>";
		};
		21135111837BEE77BC26B938 /* Products */ = {
			isa = PBXGroup;
			children = (
				C33E21075035F8499B243C1B /* FeedlingBroadcast.appex */,
				9BEDE1B24252F0AF7E4B9A09 /* FeedlingTest.app */,
				B47B840768263FD66F28FB11 /* FeedlingTestWidget.appex */,
			);
			name = Products;
			sourceTree = "<group>";
		};
		22CC77C3B42D27CA3F9944F4 /* DCAP */ = {
			isa = PBXGroup;
			children = (
				06CDF1935BB29C474535D9A8 /* BaseImageReference.swift */,
				1F41B288162BA7ADFC4C8C84 /* DCAPQVL.swift */,
				A8CA389EA11ABCA71B8E1B19 /* IntelPCSClient.swift */,
				5DEA24A6FF495A03E9F7A56E /* IntelSGXRootCA.der */,
				959F13A9DEA874A15F736B3F /* Parser.swift */,
				84A53C16E314867AB80A4A3F /* SignatureData.swift */,
				0AA3AE8BDD5F18D2D63049D8 /* Verifier.swift */,
			);
			path = DCAP;
			sourceTree = "<group>";
		};
		2EB652AA20BFACEF0F632FB6 /* Settings */ = {
			isa = PBXGroup;
			children = (
				EAD01A578BF79CB7B6513ECF /* ComposeHashChangeConsentView.swift */,
				0819B5A4516C41F86181781F /* DeleteSheet.swift */,
				43077C264D2FBF2F13036F03 /* ExportSheet.swift */,
				C55C65FCC3C0E7F086EDA876 /* PrivacyPageView.swift */,
				65FDB70F385F8503CD52BD74 /* ResetAndReimportSheet.swift */,
				702DF95B54F5AD4A9D8BD08A /* RunbookView.swift */,
				01AFD7329C593581BAD66768 /* SettingsView.swift */,
				05DFA0FEE661ABE0D7A1745E /* StorageBackendView.swift */,
			);
			name = Settings;
			path = FeedlingTest/Settings;
			sourceTree = "<group>";
		};
		363F95A63F3A8BD156AB1F7B /* LiveActivity */ = {
			isa = PBXGroup;
			children = (
				4C4DAE2D2771A00B7CA2056F /* LiveActivityManager.swift */,
			);
			name = LiveActivity;
			path = FeedlingTest/LiveActivity;
			sourceTree = "<group>";
		};
		4610D8E57ECF653A678D7017 /* API */ = {
			isa = PBXGroup;
			children = (
				464AA28625ABB8D22C023166 /* ContentEncryption.swift */,
				A8230854FC3006D98EDCB619 /* CVMEndpoints.swift */,
				47940709B84D3F0CE0C3C4CB /* FeedlingAPI.swift */,
			);
			name = API;
			path = FeedlingTest/API;
			sourceTree = "<group>";
		};
		46C56DA552EE1391A88BED86 /* Memory */ = {
			isa = PBXGroup;
			children = (
				B6DC4C29A7A8C4EFE115D744 /* MemoryGardenView.swift */,
				747505BEC94B898BE3D3EAAE /* MemoryViewModel.swift */,
			);
			name = Memory;
			path = FeedlingTest/Memory;
			sourceTree = "<group>";
		};
		4A631C3321DAE9C14E2D63C2 /* Shared */ = {
			isa = PBXGroup;
			children = (
				C904E38EAFF508769925F04D /* Log.swift */,
				059AB22EE40CB3F08CADCAE2 /* ScreenActivityAttributes.swift */,
				ED50C86AC01C00A6AC70B627 /* Fonts */,
			);
			path = Shared;
			sourceTree = "<group>";
		};
		63EF196B23ED123BD728FAE5 /* App */ = {
			isa = PBXGroup;
			children = (
				E2ACDBCB07FCD142CF6E217F /* AppRouter.swift */,
				6775563148F8D8537E7C86A0 /* CinnabarTabBar.swift */,
				60CEEE230C50894ADC0C539C /* ContentView.swift */,
				406248FDF0DB4A3880BE0286 /* FeedlingTestApp.swift */,
				2B7D01720594B14E094BFA53 /* MemoryVisibilityMenu.swift */,
				86B87B954541E77E7FD25D86 /* OnboardingView.swift */,
			);
			name = App;
			path = FeedlingTest/App;
			sourceTree = "<group>";
		};
		8C6615E6F06B3E76FC42C97C /* Chat */ = {
			isa = PBXGroup;
			children = (
				01E350AACC7E1BC6ED9F1D28 /* ChatEmptyStateView.swift */,
				56E6F2A31CE5812A42940AEC /* ChatMessage.swift */,
				D9551D8A728731F62B137614 /* ChatView.swift */,
				5FDC5E48CC67803D7876A7C9 /* ChatViewModel.swift */,
				749B831C66B7CA0FA0655B48 /* PhotoPicker.swift */,
			);
			name = Chat;
			path = FeedlingTest/Chat;
			sourceTree = "<group>";
		};
		92281273DF45D3821EBD4EC5 /* Identity */ = {
			isa = PBXGroup;
			children = (
				A74A49FE655A69D61E719A6F /* IdentityView.swift */,
				1764BC608F5EFA45366FE596 /* IdentityViewModel.swift */,
			);
			name = Identity;
			path = FeedlingTest/Identity;
			sourceTree = "<group>";
		};
		C831B4CFDB28B188E676559F = {
			isa = PBXGroup;
			children = (
				0E9CF1DFFEF7EBFABD8DA3E0 /* FeedlingTest */,
				F1DBCEF6E245A9D5B9B4D198 /* FeedlingBroadcast */,
				0E6B0860E646F7727F69845C /* FeedlingTestWidget */,
				4A631C3321DAE9C14E2D63C2 /* Shared */,
				4610D8E57ECF653A678D7017 /* API */,
				63EF196B23ED123BD728FAE5 /* App */,
				10839A71023889DCFFEB3E3A /* Audit */,
				8C6615E6F06B3E76FC42C97C /* Chat */,
				92281273DF45D3821EBD4EC5 /* Identity */,
				363F95A63F3A8BD156AB1F7B /* LiveActivity */,
				46C56DA552EE1391A88BED86 /* Memory */,
				2EB652AA20BFACEF0F632FB6 /* Settings */,
				21135111837BEE77BC26B938 /* Products */,
			);
			sourceTree = "<group>";
		};
		ED50C86AC01C00A6AC70B627 /* Fonts */ = {
			isa = PBXGroup;
			children = (
				AB31BA5FA109560022326382 /* DMMono-Medium.ttf */,
				548A174CA8E1811CE5F6D2A6 /* DMMono-Regular.ttf */,
				6AF693E964E61584CC592DE2 /* InterTight-Medium.ttf */,
				C58E71D6EA902590C1FEC44B /* InterTight-Regular.ttf */,
				992A1C01C4FF54F7AD92D625 /* Newsreader-Italic-VariableFont_opsz,wght.ttf */,
				5DEC705E885C390B18F83362 /* Newsreader-VariableFont_opsz,wght.ttf */,
				3EA29C62EFBADE46D3DE876B /* NotoSerifSC-Medium.ttf */,
				BA24831D1799FBA20704C6C9 /* NotoSerifSC-Regular.ttf */,
			);
			path = Fonts;
			sourceTree = "<group>";
		};
		F1DBCEF6E245A9D5B9B4D198 /* FeedlingBroadcast */ = {
			isa = PBXGroup;
			children = (
				3909F8C0719509F4F8260943 /* FeedlingBroadcast.entitlements */,
				2449E25E7E495E2125E1DE74 /* FrameEnvelope.swift */,
				2889F890552F556700BB6ACD /* Info.plist */,
				8585B7EF732F6D6EF2D5BEE6 /* SampleHandler.swift */,
				408A6FFA15EE70ECF1B9E9DA /* SampleHandler+WebSocketQueue.swift */,
				2CDD8AF63E3E29635CACE24C /* SharedConfig.swift */,
				9DB161EB74DB2AA3F40F30E0 /* WebSocketManager.swift */,
			);
			path = FeedlingBroadcast;
			sourceTree = "<group>";
		};
/* End PBXGroup section */

/* Begin PBXNativeTarget section */
		143528F74119840BD515D293 /* FeedlingBroadcast */ = {
			isa = PBXNativeTarget;
			buildConfigurationList = AFB024797D588A76444F24A7 /* Build configuration list for PBXNativeTarget "FeedlingBroadcast" */;
			buildPhases = (
				906B594661979FEDF0B4057C /* Sources */,
			);
			buildRules = (
			);
			dependencies = (
			);
			name = FeedlingBroadcast;
			packageProductDependencies = (
			);
			productName = FeedlingBroadcast;
			productReference = C33E21075035F8499B243C1B /* FeedlingBroadcast.appex */;
			productType = "com.apple.product-type.app-extension";
		};
		282D06B399CCE088372449A9 /* FeedlingTest */ = {
			isa = PBXNativeTarget;
			buildConfigurationList = D2EFF8A7C1291089CCC4638E /* Build configuration list for PBXNativeTarget "FeedlingTest" */;
			buildPhases = (
				F4C004C4CB389E0034E1122E /* Sources */,
				4D3612145772D61A347DB4FC /* Resources */,
				219D1342B426C7862A8C1E2B /* Embed Foundation Extensions */,
			);
			buildRules = (
			);
			dependencies = (
				84358B4470F16D89F9CC5DB4 /* PBXTargetDependency */,
				49B62DB44CC90114BF941EA4 /* PBXTargetDependency */,
			);
			name = FeedlingTest;
			packageProductDependencies = (
			);
			productName = FeedlingTest;
			productReference = 9BEDE1B24252F0AF7E4B9A09 /* FeedlingTest.app */;
			productType = "com.apple.product-type.application";
		};
		40F0E8EF6FA85277D76C29E3 /* FeedlingTestWidget */ = {
			isa = PBXNativeTarget;
			buildConfigurationList = D4BD810697F1A6C80AD6D748 /* Build configuration list for PBXNativeTarget "FeedlingTestWidget" */;
			buildPhases = (
				CC4F879D8D0429D4613015B2 /* Sources */,
				A4C79E42AC8D7C0193B5005F /* Resources */,
			);
			buildRules = (
			);
			dependencies = (
			);
			name = FeedlingTestWidget;
			packageProductDependencies = (
			);
			productName = FeedlingTestWidget;
			productReference = B47B840768263FD66F28FB11 /* FeedlingTestWidget.appex */;
			productType = "com.apple.product-type.app-extension";
		};
/* End PBXNativeTarget section */

/* Begin PBXProject section */
		7666E9E4F7C671C82EBD8484 /* Project object */ = {
			isa = PBXProject;
			attributes = {
				BuildIndependentTargetsInParallel = YES;
				LastUpgradeCheck = 1500;
				TargetAttributes = {
					143528F74119840BD515D293 = {
						DevelopmentTeam = DC9JH5DRMY;
					};
					282D06B399CCE088372449A9 = {
						DevelopmentTeam = DC9JH5DRMY;
					};
					40F0E8EF6FA85277D76C29E3 = {
						DevelopmentTeam = DC9JH5DRMY;
					};
				};
			};
			buildConfigurationList = 5C7A44734ECB7FD48F277D7B /* Build configuration list for PBXProject "FeedlingTest" */;
			developmentRegion = en;
			hasScannedForEncodings = 0;
			knownRegions = (
				Base,
				en,
			);
			mainGroup = C831B4CFDB28B188E676559F;
			minimizedProjectReferenceProxies = 1;
			preferredProjectObjectVersion = 77;
			productRefGroup = 21135111837BEE77BC26B938 /* Products */;
			projectDirPath = "";
			projectRoot = "";
			targets = (
				143528F74119840BD515D293 /* FeedlingBroadcast */,
				282D06B399CCE088372449A9 /* FeedlingTest */,
				40F0E8EF6FA85277D76C29E3 /* FeedlingTestWidget */,
			);
		};
/* End PBXProject section */

/* Begin PBXResourcesBuildPhase section */
		4D3612145772D61A347DB4FC /* Resources */ = {
			isa = PBXResourcesBuildPhase;
			buildActionMask = 2147483647;
			files = (
				BC9B0CBC17AAC1255B45A190 /* Assets.xcassets in Resources */,
				6902489648E34AED4D9BE0C6 /* DMMono-Medium.ttf in Resources */,
				7BC164CC61C5306140493D63 /* DMMono-Regular.ttf in Resources */,
				3C6FF0CAD4E9C2202D958389 /* IntelSGXRootCA.der in Resources */,
				AC853763C936C4B49EBE6144 /* InterTight-Medium.ttf in Resources */,
				7D3365E5415854238D250C0C /* InterTight-Regular.ttf in Resources */,
				7AACEE491CBD32D1CFF67B63 /* Newsreader-Italic-VariableFont_opsz,wght.ttf in Resources */,
				4DC9F05CA3D2CF5D85FBCE14 /* Newsreader-VariableFont_opsz,wght.ttf in Resources */,
				2915EE5C77BFDB93284C1525 /* NotoSerifSC-Medium.ttf in Resources */,
				00BCDC48AEB1ECA0468DA469 /* NotoSerifSC-Regular.ttf in Resources */,
			);
			runOnlyForDeploymentPostprocessing = 0;
		};
		A4C79E42AC8D7C0193B5005F /* Resources */ = {
			isa = PBXResourcesBuildPhase;
			buildActionMask = 2147483647;
			files = (
				FE23CC9883E7481AFB875E5B /* DMMono-Medium.ttf in Resources */,
				A3E3689E0E12A758710A9A91 /* DMMono-Regular.ttf in Resources */,
				C270F14DB78D966B0334D0FF /* InterTight-Medium.ttf in Resources */,
				9E84090ADA58BE74702C17F7 /* InterTight-Regular.ttf in Resources */,
				CC8FC142EF44D8FB8D510EDA /* Newsreader-Italic-VariableFont_opsz,wght.ttf in Resources */,
				2C87331264D81ED2CB8E1A5F /* Newsreader-VariableFont_opsz,wght.ttf in Resources */,
				60458B681F128B4A35FCEE22 /* NotoSerifSC-Medium.ttf in Resources */,
				EABBF10A6E3A795695D4185E /* NotoSerifSC-Regular.ttf in Resources */,
			);
			runOnlyForDeploymentPostprocessing = 0;
		};
/* End PBXResourcesBuildPhase section */

/* Begin PBXSourcesBuildPhase section */
		906B594661979FEDF0B4057C /* Sources */ = {
			isa = PBXSourcesBuildPhase;
			buildActionMask = 2147483647;
			files = (
				21891A9A19013F0DF231A6C9 /* FrameEnvelope.swift in Sources */,
				7B3B568A3C6D94C4402DA76E /* Log.swift in Sources */,
				8008026851A69E377E0C9937 /* SampleHandler+WebSocketQueue.swift in Sources */,
				2D6C4681A184D00774C9AAD3 /* SampleHandler.swift in Sources */,
				61F24F4911D4423B125600EF /* SharedConfig.swift in Sources */,
				56BEDBB90CCEE5017A47D79C /* WebSocketManager.swift in Sources */,
			);
			runOnlyForDeploymentPostprocessing = 0;
		};
		CC4F879D8D0429D4613015B2 /* Sources */ = {
			isa = PBXSourcesBuildPhase;
			buildActionMask = 2147483647;
			files = (
				E5C880EB40DFDE9E3719B474 /* FeedlingTestWidgetBundle.swift in Sources */,
				E8A98DD18307CC97CCC6A6D4 /* Log.swift in Sources */,
				17B110E5A293426BC46750B6 /* ScreenActivityAttributes.swift in Sources */,
				A3AA0B796AD846E609C8715A /* ScreenActivityWidget.swift in Sources */,
			);
			runOnlyForDeploymentPostprocessing = 0;
		};
		F4C004C4CB389E0034E1122E /* Sources */ = {
			isa = PBXSourcesBuildPhase;
			buildActionMask = 2147483647;
			files = (
				13AB3438ED8D689FF39D76A9 /* AppRouter.swift in Sources */,
				990C5DA10A3AAA074DE48662 /* AuditCardView.swift in Sources */,
				E16BB6CF95C921970190B568 /* BaseImageReference.swift in Sources */,
				41799784643FF6E83430F8DD /* BootstrapStatus.swift in Sources */,
				F763F817D45909BB8ADBC72E /* CVMEndpoints.swift in Sources */,
				F534488FD5FDF3FCC5A35780 /* ChatEmptyStateView.swift in Sources */,
				A98E3F3C7D61531BAF8A1C4C /* ChatMessage.swift in Sources */,
				52DFBF47EF4E20033E8F3909 /* ChatView.swift in Sources */,
				DF90A85B63C8C62A65378338 /* ChatViewModel.swift in Sources */,
				B0C93EBA840BE6E368066A2A /* CinnabarTabBar.swift in Sources */,
				0CD70CB41FE1967BB1B6ACB8 /* ComposeHashChangeConsentView.swift in Sources */,
				91A2A014AFCE9CEBAFA8EDAB /* ContentEncryption.swift in Sources */,
				EC5FCBD511CE325FDF937BAA /* ContentView.swift in Sources */,
				C009F5DE6283D73C256139D5 /* DCAPQVL.swift in Sources */,
				D8B1E872AD950F32CFCD217B /* DeleteSheet.swift in Sources */,
				EBBE94845A32B081CF536ADC /* EventLogReplay.swift in Sources */,
				338124D9B77D132F036521C4 /* ExportSheet.swift in Sources */,
				ACC5DCF6B4A6806E7078427A /* FeedlingAPI.swift in Sources */,
				D3EE3FBAAB9B07027E0EE9B8 /* FeedlingTestApp.swift in Sources */,
				5F26C53FF4A1FC30882BF600 /* HealthCheckView.swift in Sources */,
				786DB254DAB21CF0EA139AC2 /* IdentityView.swift in Sources */,
				F7CA7639A491E69361DE1C2A /* IdentityViewModel.swift in Sources */,
				494C68F4BA81FE296E359B84 /* IntelPCSClient.swift in Sources */,
				BB1D05C1473600C74F279FEB /* LiveActivityManager.swift in Sources */,
				5D1632F3B41DC01DD2D987E7 /* Log.swift in Sources */,
				58C751BB8A58E3201B29A6A6 /* MemoryGardenView.swift in Sources */,
				F1E2BE0DDF9864D61980C5B6 /* MemoryViewModel.swift in Sources */,
				ACE8F7F4B7DC2B3C2A07C186 /* MemoryVisibilityMenu.swift in Sources */,
				CA3208BBBB87EF3581EC5B3E /* OnboardingView.swift in Sources */,
				2024D86B957E1BF00F2B4830 /* Parser.swift in Sources */,
				1AD3872C62BB8BB301CF8B32 /* PhotoPicker.swift in Sources */,
				A6AA07A4562B42F0D4E9D2CB /* PrivacyPageView.swift in Sources */,
				B69B7DD213D51FE31B06075E /* ResetAndReimportSheet.swift in Sources */,
				CB83E860E05411F455F5DF89 /* RunbookView.swift in Sources */,
				CB2DF8DCA51CEF662CF65FAB /* ScreenActivityAttributes.swift in Sources */,
				68F2D1A44C2F23832403BCA0 /* SettingsView.swift in Sources */,
				01EC9B6CDE5327390A2AD795 /* SignatureData.swift in Sources */,
				92AD4CAB1CD7619D3373B25A /* StorageBackendView.swift in Sources */,
				8F945BC6D250E31A1050D212 /* Verifier.swift in Sources */,
			);
			runOnlyForDeploymentPostprocessing = 0;
		};
/* End PBXSourcesBuildPhase section */

/* Begin PBXTargetDependency section */
		49B62DB44CC90114BF941EA4 /* PBXTargetDependency */ = {
			isa = PBXTargetDependency;
			target = 143528F74119840BD515D293 /* FeedlingBroadcast */;
			targetProxy = 3A7C6A9930FD12611CA185A9 /* PBXContainerItemProxy */;
		};
		84358B4470F16D89F9CC5DB4 /* PBXTargetDependency */ = {
			isa = PBXTargetDependency;
			target = 40F0E8EF6FA85277D76C29E3 /* FeedlingTestWidget */;
			targetProxy = 9FC01A447C5F280A995C6CBA /* PBXContainerItemProxy */;
		};
/* End PBXTargetDependency section */

/* Begin XCBuildConfiguration section */
		2C428C1431E2DAE1BF932153 /* Release */ = {
			isa = XCBuildConfiguration;
			buildSettings = {
				ALWAYS_SEARCH_USER_PATHS = NO;
				CLANG_ANALYZER_NONNULL = YES;
				CLANG_ANALYZER_NUMBER_OBJECT_CONVERSION = YES_AGGRESSIVE;
				CLANG_CXX_LANGUAGE_STANDARD = "gnu++14";
				CLANG_CXX_LIBRARY = "libc++";
				CLANG_ENABLE_MODULES = YES;
				CLANG_ENABLE_OBJC_ARC = YES;
				CLANG_ENABLE_OBJC_WEAK = YES;
				CLANG_WARN_BLOCK_CAPTURE_AUTORELEASING = YES;
				CLANG_WARN_BOOL_CONVERSION = YES;
				CLANG_WARN_COMMA = YES;
				CLANG_WARN_CONSTANT_CONVERSION = YES;
				CLANG_WARN_DEPRECATED_OBJC_IMPLEMENTATIONS = YES;
				CLANG_WARN_DIRECT_OBJC_ISA_USAGE = YES_ERROR;
				CLANG_WARN_DOCUMENTATION_COMMENTS = YES;
				CLANG_WARN_EMPTY_BODY = YES;
				CLANG_WARN_ENUM_CONVERSION = YES;
				CLANG_WARN_INFINITE_RECURSION = YES;
				CLANG_WARN_INT_CONVERSION = YES;
				CLANG_WARN_NON_LITERAL_NULL_CONVERSION = YES;
				CLANG_WARN_OBJC_IMPLICIT_RETAIN_SELF = YES;
				CLANG_WARN_OBJC_LITERAL_CONVERSION = YES;
				CLANG_WARN_OBJC_ROOT_CLASS = YES_ERROR;
				CLANG_WARN_QUOTED_INCLUDE_IN_FRAMEWORK_HEADER = YES;
				CLANG_WARN_RANGE_LOOP_ANALYSIS = YES;
				CLANG_WARN_STRICT_PROTOTYPES = YES;
				CLANG_WARN_SUSPICIOUS_MOVE = YES;
				CLANG_WARN_UNGUARDED_AVAILABILITY = YES_AGGRESSIVE;
				CLANG_WARN_UNREACHABLE_CODE = YES;
				CLANG_WARN__DUPLICATE_METHOD_MATCH = YES;
				COPY_PHASE_STRIP = NO;
				CURRENT_PROJECT_VERSION = 1;
				DEBUG_INFORMATION_FORMAT = "dwarf-with-dsym";
				DEVELOPMENT_TEAM = DC9JH5DRMY;
				ENABLE_NS_ASSERTIONS = NO;
				ENABLE_STRICT_OBJC_MSGSEND = YES;
				GCC_C_LANGUAGE_STANDARD = gnu11;
				GCC_NO_COMMON_BLOCKS = YES;
				GCC_WARN_64_TO_32_BIT_CONVERSION = YES;
				GCC_WARN_ABOUT_RETURN_TYPE = YES_ERROR;
				GCC_WARN_UNDECLARED_SELECTOR = YES;
				GCC_WARN_UNINITIALIZED_AUTOS = YES_AGGRESSIVE;
				GCC_WARN_UNUSED_FUNCTION = YES;
				GCC_WARN_UNUSED_VARIABLE = YES;
				IPHONEOS_DEPLOYMENT_TARGET = 16.2;
				MARKETING_VERSION = 1.0.0;
				MTL_ENABLE_DEBUG_INFO = NO;
				MTL_FAST_MATH = YES;
				PRODUCT_NAME = "$(TARGET_NAME)";
				SDKROOT = iphoneos;
				SWIFT_COMPILATION_MODE = wholemodule;
				SWIFT_OPTIMIZATION_LEVEL = "-O";
				SWIFT_VERSION = 5.9;
			};
			name = Release;
		};
		2E9D77041FFEC5C98F259AB4 /* Debug */ = {
			isa = XCBuildConfiguration;
			buildSettings = {
				ALWAYS_SEARCH_USER_PATHS = NO;
				CLANG_ANALYZER_NONNULL = YES;
				CLANG_ANALYZER_NUMBER_OBJECT_CONVERSION = YES_AGGRESSIVE;
				CLANG_CXX_LANGUAGE_STANDARD = "gnu++14";
				CLANG_CXX_LIBRARY = "libc++";
				CLANG_ENABLE_MODULES = YES;
				CLANG_ENABLE_OBJC_ARC = YES;
				CLANG_ENABLE_OBJC_WEAK = YES;
				CLANG_WARN_BLOCK_CAPTURE_AUTORELEASING = YES;
				CLANG_WARN_BOOL_CONVERSION = YES;
				CLANG_WARN_COMMA = YES;
				CLANG_WARN_CONSTANT_CONVERSION = YES;
				CLANG_WARN_DEPRECATED_OBJC_IMPLEMENTATIONS = YES;
				CLANG_WARN_DIRECT_OBJC_ISA_USAGE = YES_ERROR;
				CLANG_WARN_DOCUMENTATION_COMMENTS = YES;
				CLANG_WARN_EMPTY_BODY = YES;
				CLANG_WARN_ENUM_CONVERSION = YES;
				CLANG_WARN_INFINITE_RECURSION = YES;
				CLANG_WARN_INT_CONVERSION = YES;
				CLANG_WARN_NON_LITERAL_NULL_CONVERSION = YES;
				CLANG_WARN_OBJC_IMPLICIT_RETAIN_SELF = YES;
				CLANG_WARN_OBJC_LITERAL_CONVERSION = YES;
				CLANG_WARN_OBJC_ROOT_CLASS = YES_ERROR;
				CLANG_WARN_QUOTED_INCLUDE_IN_FRAMEWORK_HEADER = YES;
				CLANG_WARN_RANGE_LOOP_ANALYSIS = YES;
				CLANG_WARN_STRICT_PROTOTYPES = YES;
				CLANG_WARN_SUSPICIOUS_MOVE = YES;
				CLANG_WARN_UNGUARDED_AVAILABILITY = YES_AGGRESSIVE;
				CLANG_WARN_UNREACHABLE_CODE = YES;
				CLANG_WARN__DUPLICATE_METHOD_MATCH = YES;
				COPY_PHASE_STRIP = NO;
				CURRENT_PROJECT_VERSION = 1;
				DEBUG_INFORMATION_FORMAT = dwarf;
				DEVELOPMENT_TEAM = DC9JH5DRMY;
				ENABLE_STRICT_OBJC_MSGSEND = YES;
				ENABLE_TESTABILITY = YES;
				GCC_C_LANGUAGE_STANDARD = gnu11;
				GCC_DYNAMIC_NO_PIC = NO;
				GCC_NO_COMMON_BLOCKS = YES;
				GCC_OPTIMIZATION_LEVEL = 0;
				GCC_PREPROCESSOR_DEFINITIONS = (
					"$(inherited)",
					"DEBUG=1",
				);
				GCC_WARN_64_TO_32_BIT_CONVERSION = YES;
				GCC_WARN_ABOUT_RETURN_TYPE = YES_ERROR;
				GCC_WARN_UNDECLARED_SELECTOR = YES;
				GCC_WARN_UNINITIALIZED_AUTOS = YES_AGGRESSIVE;
				GCC_WARN_UNUSED_FUNCTION = YES;
				GCC_WARN_UNUSED_VARIABLE = YES;
				IPHONEOS_DEPLOYMENT_TARGET = 16.2;
				MARKETING_VERSION = 1.0.0;
				MTL_ENABLE_DEBUG_INFO = INCLUDE_SOURCE;
				MTL_FAST_MATH = YES;
				ONLY_ACTIVE_ARCH = YES;
				PRODUCT_NAME = "$(TARGET_NAME)";
				SDKROOT = iphoneos;
				SWIFT_ACTIVE_COMPILATION_CONDITIONS = DEBUG;
				SWIFT_OPTIMIZATION_LEVEL = "-Onone";
				SWIFT_VERSION = 5.9;
			};
			name = Debug;
		};
		43D38A806517A4460CFAE6C2 /* Release */ = {
			isa = XCBuildConfiguration;
			buildSettings = {
				ASSETCATALOG_COMPILER_APPICON_NAME = AppIcon;
				CODE_SIGN_ENTITLEMENTS = FeedlingTest/FeedlingTest.entitlements;
				CODE_SIGN_IDENTITY = "iPhone Developer";
				DEVELOPMENT_TEAM = DC9JH5DRMY;
				INFOPLIST_FILE = FeedlingTest/Info.plist;
				IPHONEOS_DEPLOYMENT_TARGET = 16.2;
				LD_RUNPATH_SEARCH_PATHS = (
					"$(inherited)",
					"@executable_path/Frameworks",
				);
				PRODUCT_BUNDLE_IDENTIFIER = com.feedling.mcp;
				SDKROOT = iphoneos;
				TARGETED_DEVICE_FAMILY = "1,2";
			};
			name = Release;
		};
		6376747315A5258E9DD19290 /* Debug */ = {
			isa = XCBuildConfiguration;
			buildSettings = {
				CODE_SIGN_ENTITLEMENTS = FeedlingTestWidget/FeedlingTestWidget.entitlements;
				DEVELOPMENT_TEAM = DC9JH5DRMY;
				INFOPLIST_FILE = FeedlingTestWidget/Info.plist;
				IPHONEOS_DEPLOYMENT_TARGET = 16.2;
				LD_RUNPATH_SEARCH_PATHS = (
					"$(inherited)",
					"@executable_path/Frameworks",
					"@executable_path/../../Frameworks",
				);
				PRODUCT_BUNDLE_IDENTIFIER = com.feedling.mcp.widget;
				SDKROOT = iphoneos;
				TARGETED_DEVICE_FAMILY = "1,2";
			};
			name = Debug;
		};
		63F91099D66B8D4EC94006B3 /* Debug */ = {
			isa = XCBuildConfiguration;
			buildSettings = {
				ASSETCATALOG_COMPILER_APPICON_NAME = AppIcon;
				CODE_SIGN_ENTITLEMENTS = FeedlingTest/FeedlingTest.entitlements;
				CODE_SIGN_IDENTITY = "iPhone Developer";
				DEVELOPMENT_TEAM = DC9JH5DRMY;
				INFOPLIST_FILE = FeedlingTest/Info.plist;
				IPHONEOS_DEPLOYMENT_TARGET = 16.2;
				LD_RUNPATH_SEARCH_PATHS = (
					"$(inherited)",
					"@executable_path/Frameworks",
				);
				PRODUCT_BUNDLE_IDENTIFIER = com.feedling.mcp;
				SDKROOT = iphoneos;
				TARGETED_DEVICE_FAMILY = "1,2";
			};
			name = Debug;
		};
		93117991049902E8619757A7 /* Release */ = {
			isa = XCBuildConfiguration;
			buildSettings = {
				CODE_SIGN_ENTITLEMENTS = FeedlingTestWidget/FeedlingTestWidget.entitlements;
				DEVELOPMENT_TEAM = DC9JH5DRMY;
				INFOPLIST_FILE = FeedlingTestWidget/Info.plist;
				IPHONEOS_DEPLOYMENT_TARGET = 16.2;
				LD_RUNPATH_SEARCH_PATHS = (
					"$(inherited)",
					"@executable_path/Frameworks",
					"@executable_path/../../Frameworks",
				);
				PRODUCT_BUNDLE_IDENTIFIER = com.feedling.mcp.widget;
				SDKROOT = iphoneos;
				TARGETED_DEVICE_FAMILY = "1,2";
			};
			name = Release;
		};
		D6C8509A80E309C02C7984CA /* Debug */ = {
			isa = XCBuildConfiguration;
			buildSettings = {
				CODE_SIGN_ENTITLEMENTS = FeedlingBroadcast/FeedlingBroadcast.entitlements;
				DEVELOPMENT_TEAM = DC9JH5DRMY;
				INFOPLIST_FILE = FeedlingBroadcast/Info.plist;
				IPHONEOS_DEPLOYMENT_TARGET = 16.2;
				LD_RUNPATH_SEARCH_PATHS = (
					"$(inherited)",
					"@executable_path/Frameworks",
					"@executable_path/../../Frameworks",
				);
				PRODUCT_BUNDLE_IDENTIFIER = com.feedling.mcp.broadcast;
				SDKROOT = iphoneos;
				TARGETED_DEVICE_FAMILY = "1,2";
			};
			name = Debug;
		};
		DA1A52DE82AB49760F1D1DA2 /* Release */ = {
			isa = XCBuildConfiguration;
			buildSettings = {
				CODE_SIGN_ENTITLEMENTS = FeedlingBroadcast/FeedlingBroadcast.entitlements;
				DEVELOPMENT_TEAM = DC9JH5DRMY;
				INFOPLIST_FILE = FeedlingBroadcast/Info.plist;
				IPHONEOS_DEPLOYMENT_TARGET = 16.2;
				LD_RUNPATH_SEARCH_PATHS = (
					"$(inherited)",
					"@executable_path/Frameworks",
					"@executable_path/../../Frameworks",
				);
				PRODUCT_BUNDLE_IDENTIFIER = com.feedling.mcp.broadcast;
				SDKROOT = iphoneos;
				TARGETED_DEVICE_FAMILY = "1,2";
			};
			name = Release;
		};
/* End XCBuildConfiguration section */

/* Begin XCConfigurationList section */
		5C7A44734ECB7FD48F277D7B /* Build configuration list for PBXProject "FeedlingTest" */ = {
			isa = XCConfigurationList;
			buildConfigurations = (
				2E9D77041FFEC5C98F259AB4 /* Debug */,
				2C428C1431E2DAE1BF932153 /* Release */,
			);
			defaultConfigurationIsVisible = 0;
			defaultConfigurationName = Debug;
		};
		AFB024797D588A76444F24A7 /* Build configuration list for PBXNativeTarget "FeedlingBroadcast" */ = {
			isa = XCConfigurationList;
			buildConfigurations = (
				D6C8509A80E309C02C7984CA /* Debug */,
				DA1A52DE82AB49760F1D1DA2 /* Release */,
			);
			defaultConfigurationIsVisible = 0;
			defaultConfigurationName = Debug;
		};
		D2EFF8A7C1291089CCC4638E /* Build configuration list for PBXNativeTarget "FeedlingTest" */ = {
			isa = XCConfigurationList;
			buildConfigurations = (
				63F91099D66B8D4EC94006B3 /* Debug */,
				43D38A806517A4460CFAE6C2 /* Release */,
			);
			defaultConfigurationIsVisible = 0;
			defaultConfigurationName = Debug;
		};
		D4BD810697F1A6C80AD6D748 /* Build configuration list for PBXNativeTarget "FeedlingTestWidget" */ = {
			isa = XCConfigurationList;
			buildConfigurations = (
				6376747315A5258E9DD19290 /* Debug */,
				93117991049902E8619757A7 /* Release */,
			);
			defaultConfigurationIsVisible = 0;
			defaultConfigurationName = Debug;
		};
/* End XCConfigurationList section */
	};
	rootObject = 7666E9E4F7C671C82EBD8484 /* Project object */;
}
